// !$*UTF8*$!
{
 archiveVersion = 1;
 classes = {};
 objectVersion = 56;
 objects = {
  168BE70F36BD5047078439EE = { isa = PBXFileReference; lastKnownFileType = sourcecode.swift; path = "NoteMarginApp.swift"; sourceTree = "<group>"; };
  A20B30F7D9C0DC582D81EADD = { isa = PBXBuildFile; fileRef = 168BE70F36BD5047078439EE; };
  F8F881C1B88DDF6C12DD987B = { isa = PBXFileReference; lastKnownFileType = sourcecode.swift; path = "NoteStore.swift"; sourceTree = "<group>"; };
  BEB3FB67E91F7C1E7C2DF70A = { isa = PBXBuildFile; fileRef = F8F881C1B88DDF6C12DD987B; };
  EE27C7445F418FC841FB4470 = { isa = PBXGroup; children = (168BE70F36BD5047078439EE, F8F881C1B88DDF6C12DD987B); path = "App"; sourceTree = "<group>"; };
  DC42EDCB417B3FF8AC6A5790 = { isa = PBXFileReference; lastKnownFileType = folder.assetcatalog; path = "Assets.xcassets"; sourceTree = "<group>"; };
  9A2E2A220F4F8A125E7AF7A2 = { isa = PBXBuildFile; fileRef = DC42EDCB417B3FF8AC6A5790; };
  1F365B9413769A12CA29F9C0 = { isa = PBXFileReference; lastKnownFileType = sourcecode.swift; path = "DrawingSession.swift"; sourceTree = "<group>"; };
  6A4CB4EF86152D04BBA77D72 = { isa = PBXBuildFile; fileRef = 1F365B9413769A12CA29F9C0; };
  E311CCDE2DB045A6AFACB395 = { isa = PBXFileReference; lastKnownFileType = sourcecode.swift; path = "NotebookCanvas.swift"; sourceTree = "<group>"; };
  4F8FE9B42141ACFAF57CCBB7 = { isa = PBXBuildFile; fileRef = E311CCDE2DB045A6AFACB395; };
  598EAC57BA57FBD51894CA42 = { isa = PBXFileReference; lastKnownFileType = sourcecode.swift; path = "PageRenderer.swift"; sourceTree = "<group>"; };
  4C9BE628EB3E825628B29F55 = { isa = PBXBuildFile; fileRef = 598EAC57BA57FBD51894CA42; };
  AD14F4136B522855CCB4D52D = { isa = PBXGroup; children = (1F365B9413769A12CA29F9C0, E311CCDE2DB045A6AFACB395, 598EAC57BA57FBD51894CA42); path = "Canvas"; sourceTree = "<group>"; };
  645D47EA97770E7BEC4E22A8 = { isa = PBXFileReference; lastKnownFileType = sourcecode.swift; path = "AIModels.swift"; sourceTree = "<group>"; };
  119C84546088373DFB0804B6 = { isa = PBXBuildFile; fileRef = 645D47EA97770E7BEC4E22A8; };
  E37149D01F3F78D9BECA56D1 = { isa = PBXFileReference; lastKnownFileType = sourcecode.swift; path = "AppIdentity.swift"; sourceTree = "<group>"; };
  90F23C0190BDED5FF91A9A21 = { isa = PBXBuildFile; fileRef = E37149D01F3F78D9BECA56D1; };
  B37B4FD675AE0377545CBE34 = { isa = PBXFileReference; lastKnownFileType = sourcecode.swift; path = "ChatGPTWebContext.swift"; sourceTree = "<group>"; };
  EEDA6807FFB260EF086DB498 = { isa = PBXBuildFile; fileRef = B37B4FD675AE0377545CBE34; };
  36A2033CFF438FEB49072AFD = { isa = PBXFileReference; lastKnownFileType = sourcecode.swift; path = "LibraryRepository.swift"; sourceTree = "<group>"; };
  2041011BA78D01775BDF9FC0 = { isa = PBXBuildFile; fileRef = 36A2033CFF438FEB49072AFD; };
  B2AB1F1BB67621E83900B41E = { isa = PBXFileReference; lastKnownFileType = sourcecode.swift; path = "MarginChatRepository.swift"; sourceTree = "<group>"; };
  E5B0991C1D7749974DC81ABF = { isa = PBXBuildFile; fileRef = B2AB1F1BB67621E83900B41E; };
  7C37064D374C76C1096B3271 = { isa = PBXFileReference; lastKnownFileType = sourcecode.swift; path = "Models.swift"; sourceTree = "<group>"; };
  E78E8488A63CF2FB3616C703 = { isa = PBXBuildFile; fileRef = 7C37064D374C76C1096B3271; };
  53593C6624C916652E152E26 = { isa = PBXGroup; children = (645D47EA97770E7BEC4E22A8, E37149D01F3F78D9BECA56D1, B37B4FD675AE0377545CBE34, 36A2033CFF438FEB49072AFD, B2AB1F1BB67621E83900B41E, 7C37064D374C76C1096B3271); path = "Core"; sourceTree = "<group>"; };
  413E4818146B7B24CFF17631 = { isa = PBXFileReference; lastKnownFileType = text.plist.xml; path = "Info.plist"; sourceTree = "<group>"; };
  D4D55852FDF639E594091B43 = { isa = PBXFileReference; lastKnownFileType = text.plist.strings; name = "en"; path = "en.lproj/InfoPlist.strings"; sourceTree = "<group>"; };
  E32827CCEA5CEE00CD80A07C = { isa = PBXFileReference; lastKnownFileType = text.plist.strings; name = "ko"; path = "ko.lproj/InfoPlist.strings"; sourceTree = "<group>"; };
  622BBF650B481D0F21022A53 = { isa = PBXVariantGroup; children = (D4D55852FDF639E594091B43, E32827CCEA5CEE00CD80A07C); name = "InfoPlist.strings"; sourceTree = "<group>"; };
  DC07FD6C0E054F0A51FE46F7 = { isa = PBXBuildFile; fileRef = 622BBF650B481D0F21022A53; };
  02B436D0E8BE8D354190E834 = { isa = PBXGroup; children = (622BBF650B481D0F21022A53); path = "PersonalResources"; sourceTree = "<group>"; };
  7170956887AAB0A1540AD05F = { isa = PBXFileReference; lastKnownFileType = text.xml; path = "PrivacyInfo.xcprivacy"; sourceTree = "<group>"; };
  45FBE3DD552D08DD8CAFBFD8 = { isa = PBXBuildFile; fileRef = 7170956887AAB0A1540AD05F; };
  0AA3BA426F3B59870CE7BDFF = { isa = PBXFileReference; lastKnownFileType = sourcecode.swift; path = "AIClient.swift"; sourceTree = "<group>"; };
  9F2BA52FCE51DC00C38221EB = { isa = PBXBuildFile; fileRef = 0AA3BA426F3B59870CE7BDFF; };
  92F7D6FFF8F883FB04C76C8F = { isa = PBXFileReference; lastKnownFileType = sourcecode.swift; path = "AIConnectionStore.swift"; sourceTree = "<group>"; };
  6E7D1B4A6B0BA798C3AE6770 = { isa = PBXBuildFile; fileRef = 92F7D6FFF8F883FB04C76C8F; };
  D21E7488324FCA755B06E381 = { isa = PBXFileReference; lastKnownFileType = sourcecode.swift; path = "ChatGPTBrowser.swift"; sourceTree = "<group>"; };
  F074E0562994597C24D51D92 = { isa = PBXBuildFile; fileRef = D21E7488324FCA755B06E381; };
  A5EE8F784FCC35F07D976033 = { isa = PBXFileReference; lastKnownFileType = sourcecode.swift; path = "ExportService.swift"; sourceTree = "<group>"; };
  402DDAB4F7F4C531A9D555F3 = { isa = PBXBuildFile; fileRef = A5EE8F784FCC35F07D976033; };
  C2D4113429D570ADB7019179 = { isa = PBXFileReference; lastKnownFileType = sourcecode.swift; path = "MarginAIStore.swift"; sourceTree = "<group>"; };
  BF08160FCC5E6A1388C53AB8 = { isa = PBXBuildFile; fileRef = C2D4113429D570ADB7019179; };
  4AF4BAA56F2E985295A8FB70 = { isa = PBXFileReference; lastKnownFileType = sourcecode.swift; path = "RegionContextService.swift"; sourceTree = "<group>"; };
  F4D148E2F7AC6BE10A0B7CF4 = { isa = PBXBuildFile; fileRef = 4AF4BAA56F2E985295A8FB70; };
  90A2C3B66664FB2559EFADFE = { isa = PBXGroup; children = (0AA3BA426F3B59870CE7BDFF, 92F7D6FFF8F883FB04C76C8F, D21E7488324FCA755B06E381, A5EE8F784FCC35F07D976033, C2D4113429D570ADB7019179, 4AF4BAA56F2E985295A8FB70); path = "Services"; sourceTree = "<group>"; };
  A23E691A66940BDAC69B5AEF = { isa = PBXFileReference; lastKnownFileType = sourcecode.swift; path = "AIConnectionSettingsView.swift"; sourceTree = "<group>"; };
  636E9298951946DB1E955AEF = { isa = PBXBuildFile; fileRef = A23E691A66940BDAC69B5AEF; };
  0705440043E4D8A4E8E1F5BC = { isa = PBXFileReference; lastKnownFileType = sourcecode.swift; path = "AIEditorCanvas.swift"; sourceTree = "<group>"; };
  5261D4E63E51D589AE847E08 = { isa = PBXBuildFile; fileRef = 0705440043E4D8A4E8E1F5BC; };
  9128DE2CF0BD2B19DE336D18 = { isa = PBXFileReference; lastKnownFileType = sourcecode.swift; path = "Design.swift"; sourceTree = "<group>"; };
  BB92EC0EE3D1E497335308A5 = { isa = PBXBuildFile; fileRef = 9128DE2CF0BD2B19DE336D18; };
  BE1944AF5BCECD1C2C92469C = { isa = PBXFileReference; lastKnownFileType = sourcecode.swift; path = "EditorView.swift"; sourceTree = "<group>"; };
  4B85E065128685D90D439CE9 = { isa = PBXBuildFile; fileRef = BE1944AF5BCECD1C2C92469C; };
  F1E5E12F55AE38433E7D12B2 = { isa = PBXFileReference; lastKnownFileType = sourcecode.swift; path = "LibraryView.swift"; sourceTree = "<group>"; };
  631B9A6836D3A07C45EF46E4 = { isa = PBXBuildFile; fileRef = F1E5E12F55AE38433E7D12B2; };
  AF63F94DC063BBE00FBBC00C = { isa = PBXFileReference; lastKnownFileType = sourcecode.swift; path = "MarginChatView.swift"; sourceTree = "<group>"; };
  AE064C835205FC4F8DEA4FDE = { isa = PBXBuildFile; fileRef = AF63F94DC063BBE00FBBC00C; };
  B760BC216D91559ACE98BF3C = { isa = PBXFileReference; lastKnownFileType = sourcecode.swift; path = "ObjectManagerView.swift"; sourceTree = "<group>"; };
  E9E173BC569F714F46E86974 = { isa = PBXBuildFile; fileRef = B760BC216D91559ACE98BF3C; };
  7D1F388CB838BA1A86717790 = { isa = PBXFileReference; lastKnownFileType = sourcecode.swift; path = "PageManagerView.swift"; sourceTree = "<group>"; };
  6A84E3707F37A92DD9F7075D = { isa = PBXBuildFile; fileRef = 7D1F388CB838BA1A86717790; };
  7F635EE755A6FF76288CAC93 = { isa = PBXFileReference; lastKnownFileType = sourcecode.swift; path = "PersonalChatGPTView.swift"; sourceTree = "<group>"; };
  A9B2887A7F68D716A250C490 = { isa = PBXBuildFile; fileRef = 7F635EE755A6FF76288CAC93; };
  AB5D463035DF6DA31DCE615B = { isa = PBXGroup; children = (A23E691A66940BDAC69B5AEF, 0705440043E4D8A4E8E1F5BC, 9128DE2CF0BD2B19DE336D18, BE1944AF5BCECD1C2C92469C, F1E5E12F55AE38433E7D12B2, AF63F94DC063BBE00FBBC00C, B760BC216D91559ACE98BF3C, 7D1F388CB838BA1A86717790, 7F635EE755A6FF76288CAC93); path = "Views"; sourceTree = "<group>"; };
  42DAF8D564296240CC6221E5 = { isa = PBXFileReference; lastKnownFileType = text.plist.strings; name = "en"; path = "en.lproj/InfoPlist.strings"; sourceTree = "<group>"; };
  A6749001A89E696438390F4F = { isa = PBXFileReference; lastKnownFileType = text.plist.strings; name = "ko"; path = "ko.lproj/InfoPlist.strings"; sourceTree = "<group>"; };
  81C7B96EA3173C0C3B4C8FDC = { isa = PBXVariantGroup; children = (42DAF8D564296240CC6221E5, A6749001A89E696438390F4F); name = "InfoPlist.strings"; sourceTree = "<group>"; };
  0BAE2A324D27E3E5059F614D = { isa = PBXBuildFile; fileRef = 81C7B96EA3173C0C3B4C8FDC; };
  D5D9E15FD17A0DD17B1DD8AF = { isa = PBXFileReference; lastKnownFileType = text.plist.strings; name = "en"; path = "en.lproj/Localizable.strings"; sourceTree = "<group>"; };
  EC017726E78BBBE52B735012 = { isa = PBXFileReference; lastKnownFileType = text.plist.strings; name = "ko"; path = "ko.lproj/Localizable.strings"; sourceTree = "<group>"; };
  B4F9001FEF5406956D64F3DB = { isa = PBXVariantGroup; children = (D5D9E15FD17A0DD17B1DD8AF, EC017726E78BBBE52B735012); name = "Localizable.strings"; sourceTree = "<group>"; };
  E73776B5BAF9EBDADF811803 = { isa = PBXBuildFile; fileRef = B4F9001FEF5406956D64F3DB; };
  0B22DB56782FD072F6DE2968 = { isa = PBXGroup; children = (EE27C7445F418FC841FB4470, DC42EDCB417B3FF8AC6A5790, AD14F4136B522855CCB4D52D, 53593C6624C916652E152E26, 413E4818146B7B24CFF17631, 02B436D0E8BE8D354190E834, 7170956887AAB0A1540AD05F, 90A2C3B66664FB2559EFADFE, AB5D463035DF6DA31DCE615B, 81C7B96EA3173C0C3B4C8FDC, B4F9001FEF5406956D64F3DB); path = "NoteMargin"; sourceTree = "<group>"; };
  38A007151ABE87CC01A5B6E9 = { isa = PBXFileReference; explicitFileType = wrapper.application; includeInIndex = 0; path = NoteMargin.app; sourceTree = BUILT_PRODUCTS_DIR; };
  C3BF3ED67D50CC0123853681 = { isa = PBXFileReference; explicitFileType = wrapper.application; includeInIndex = 0; path = NoteMarginPersonal.app; sourceTree = BUILT_PRODUCTS_DIR; };
  FBDC4F23F93125BBEEAE800C = { isa = PBXGroup; children = (38A007151ABE87CC01A5B6E9, C3BF3ED67D50CC0123853681); name = Products; sourceTree = "<group>"; };
  B28B7AF69320201D1CF206EB = { isa = PBXGroup; children = (0B22DB56782FD072F6DE2968, FBDC4F23F93125BBEEAE800C); sourceTree = "<group>"; };
  BCE16DD0260827ECF338C787 = { isa = PBXSourcesBuildPhase; buildActionMask = 2147483647; files = (A20B30F7D9C0DC582D81EADD, BEB3FB67E91F7C1E7C2DF70A, 6A4CB4EF86152D04BBA77D72, 4F8FE9B42141ACFAF57CCBB7, 4C9BE628EB3E825628B29F55, 119C84546088373DFB0804B6, 90F23C0190BDED5FF91A9A21, EEDA6807FFB260EF086DB498, 2041011BA78D01775BDF9FC0, E5B0991C1D7749974DC81ABF, E78E8488A63CF2FB3616C703, 9F2BA52FCE51DC00C38221EB, 6E7D1B4A6B0BA798C3AE6770, F074E0562994597C24D51D92, 402DDAB4F7F4C531A9D555F3, BF08160FCC5E6A1388C53AB8, F4D148E2F7AC6BE10A0B7CF4, 636E9298951946DB1E955AEF, 5261D4E63E51D589AE847E08, BB92EC0EE3D1E497335308A5, 4B85E065128685D90D439CE9, 631B9A6836D3A07C45EF46E4, AE064C835205FC4F8DEA4FDE, E9E173BC569F714F46E86974, 6A84E3707F37A92DD9F7075D, A9B2887A7F68D716A250C490); runOnlyForDeploymentPostprocessing = 0; };
  0189424A5A60FED329FA868E = { isa = PBXResourcesBuildPhase; buildActionMask = 2147483647; files = (9A2E2A220F4F8A125E7AF7A2, 45FBE3DD552D08DD8CAFBFD8, 0BAE2A324D27E3E5059F614D, E73776B5BAF9EBDADF811803); runOnlyForDeploymentPostprocessing = 0; };
  7561BFB015D8F536760CB671 = { isa = PBXFrameworksBuildPhase; buildActionMask = 2147483647; files = (); runOnlyForDeploymentPostprocessing = 0; };
  89E1FD6268CC0F221A2BE178 = { isa = XCBuildConfiguration; buildSettings = { CLANG_ENABLE_MODULES = "YES"; CLANG_ENABLE_OBJC_ARC = "YES"; SDKROOT = "iphoneos"; IPHONEOS_DEPLOYMENT_TARGET = "17.0"; SWIFT_VERSION = "5.0"; SWIFT_STRICT_CONCURRENCY = "targeted"; SWIFT_OPTIMIZATION_LEVEL = "-Onone"; DEBUG_INFORMATION_FORMAT = "dwarf"; SWIFT_ACTIVE_COMPILATION_CONDITIONS = "DEBUG $(inherited)"; ENABLE_TESTABILITY = "YES"; }; name = Debug; };
  E6DE6C99132752C914FEF632 = { isa = XCBuildConfiguration; buildSettings = { CLANG_ENABLE_MODULES = "YES"; CLANG_ENABLE_OBJC_ARC = "YES"; SDKROOT = "iphoneos"; IPHONEOS_DEPLOYMENT_TARGET = "17.0"; SWIFT_VERSION = "5.0"; SWIFT_STRICT_CONCURRENCY = "targeted"; SWIFT_OPTIMIZATION_LEVEL = "-O"; DEBUG_INFORMATION_FORMAT = "dwarf-with-dsym"; }; name = Release; };
  862894B703A6DEDF96A9DD6C = { isa = XCConfigurationList; buildConfigurations = (89E1FD6268CC0F221A2BE178, E6DE6C99132752C914FEF632); defaultConfigurationIsVisible = 0; defaultConfigurationName = Release; };
  7082CC0B6FC1282FCEABD07A = { isa = XCBuildConfiguration; buildSettings = { PRODUCT_NAME = "$(TARGET_NAME)"; PRODUCT_BUNDLE_IDENTIFIER = "com.yeobaek.notes"; INFOPLIST_FILE = "NoteMargin/Info.plist"; GENERATE_INFOPLIST_FILE = "NO"; CODE_SIGN_STYLE = "Automatic"; CURRENT_PROJECT_VERSION = "1"; MARKETING_VERSION = "1.0.0"; TARGETED_DEVICE_FAMILY = "2"; SUPPORTED_PLATFORMS = "iphoneos iphonesimulator"; SUPPORTS_MACCATALYST = "NO"; SUPPORTS_MAC_DESIGNED_FOR_IPHONE_IPAD = "NO"; ASSETCATALOG_COMPILER_APPICON_NAME = "AppIcon"; ASSETCATALOG_COMPILER_GLOBAL_ACCENT_COLOR_NAME = "AccentColor"; LD_RUNPATH_SEARCH_PATHS = "$(inherited) @executable_path/Frameworks"; SWIFT_EMIT_LOC_STRINGS = "YES"; SWIFT_OPTIMIZATION_LEVEL = "-Onone"; DEBUG_INFORMATION_FORMAT = "dwarf"; SWIFT_ACTIVE_COMPILATION_CONDITIONS = "DEBUG $(inherited)"; ENABLE_TESTABILITY = "YES"; }; name = Debug; };
  639A7CA24D39909E713B47F7 = { isa = XCBuildConfiguration; buildSettings = { PRODUCT_NAME = "$(TARGET_NAME)"; PRODUCT_BUNDLE_IDENTIFIER = "com.yeobaek.notes"; INFOPLIST_FILE = "NoteMargin/Info.plist"; GENERATE_INFOPLIST_FILE = "NO"; CODE_SIGN_STYLE = "Automatic"; CURRENT_PROJECT_VERSION = "1"; MARKETING_VERSION = "1.0.0"; TARGETED_DEVICE_FAMILY = "2"; SUPPORTED_PLATFORMS = "iphoneos iphonesimulator"; SUPPORTS_MACCATALYST = "NO"; SUPPORTS_MAC_DESIGNED_FOR_IPHONE_IPAD = "NO"; ASSETCATALOG_COMPILER_APPICON_NAME = "AppIcon"; ASSETCATALOG_COMPILER_GLOBAL_ACCENT_COLOR_NAME = "AccentColor"; LD_RUNPATH_SEARCH_PATHS = "$(inherited) @executable_path/Frameworks"; SWIFT_EMIT_LOC_STRINGS = "YES"; SWIFT_OPTIMIZATION_LEVEL = "-O"; DEBUG_INFORMATION_FORMAT = "dwarf-with-dsym"; }; name = Release; };
  C57128001CE614BF8549D6BB = { isa = XCConfigurationList; buildConfigurations = (7082CC0B6FC1282FCEABD07A, 639A7CA24D39909E713B47F7); defaultConfigurationIsVisible = 0; defaultConfigurationName = Release; };
  0E8A3AD980EC179856012B7E = { isa = PBXNativeTarget; buildConfigurationList = C57128001CE614BF8549D6BB; buildPhases = (BCE16DD0260827ECF338C787, 7561BFB015D8F536760CB671, 0189424A5A60FED329FA868E); buildRules = (); dependencies = (); name = NoteMargin; productName = NoteMargin; productReference = 38A007151ABE87CC01A5B6E9; productType = "com.apple.product-type.application"; };
  FD348036C6EE7DBA28EEFEA0 = { isa = XCBuildConfiguration; buildSettings = { PRODUCT_NAME = "$(TARGET_NAME)"; PRODUCT_BUNDLE_IDENTIFIER = "com.yeobaek.notes.personal"; INFOPLIST_FILE = "NoteMargin/Info.plist"; GENERATE_INFOPLIST_FILE = "NO"; CODE_SIGN_STYLE = "Automatic"; CURRENT_PROJECT_VERSION = "1"; MARKETING_VERSION = "1.0.0"; TARGETED_DEVICE_FAMILY = "2"; SUPPORTED_PLATFORMS = "iphoneos iphonesimulator"; SUPPORTS_MACCATALYST = "NO"; SUPPORTS_MAC_DESIGNED_FOR_IPHONE_IPAD = "NO"; ASSETCATALOG_COMPILER_APPICON_NAME = "AppIcon"; ASSETCATALOG_COMPILER_GLOBAL_ACCENT_COLOR_NAME = "AccentColor"; LD_RUNPATH_SEARCH_PATHS = "$(inherited) @executable_path/Frameworks"; SWIFT_EMIT_LOC_STRINGS = "YES"; SWIFT_ACTIVE_COMPILATION_CONDITIONS = "DEBUG PERSONAL_CHATGPT $(inherited)"; SWIFT_OPTIMIZATION_LEVEL = "-Onone"; DEBUG_INFORMATION_FORMAT = "dwarf"; ENABLE_TESTABILITY = "YES"; }; name = Debug; };
  8DF67D5F134A30A38A900DEC = { isa = XCBuildConfiguration; buildSettings = { PRODUCT_NAME = "$(TARGET_NAME)"; PRODUCT_BUNDLE_IDENTIFIER = "com.yeobaek.notes.personal"; INFOPLIST_FILE = "NoteMargin/Info.plist"; GENERATE_INFOPLIST_FILE = "NO"; CODE_SIGN_STYLE = "Automatic"; CURRENT_PROJECT_VERSION = "1"; MARKETING_VERSION = "1.0.0"; TARGETED_DEVICE_FAMILY = "2"; SUPPORTED_PLATFORMS = "iphoneos iphonesimulator"; SUPPORTS_MACCATALYST = "NO"; SUPPORTS_MAC_DESIGNED_FOR_IPHONE_IPAD = "NO"; ASSETCATALOG_COMPILER_APPICON_NAME = "AppIcon"; ASSETCATALOG_COMPILER_GLOBAL_ACCENT_COLOR_NAME = "AccentColor"; LD_RUNPATH_SEARCH_PATHS = "$(inherited) @executable_path/Frameworks"; SWIFT_EMIT_LOC_STRINGS = "YES"; SWIFT_ACTIVE_COMPILATION_CONDITIONS = "PERSONAL_CHATGPT $(inherited)"; SWIFT_OPTIMIZATION_LEVEL = "-O"; DEBUG_INFORMATION_FORMAT = "dwarf-with-dsym"; }; name = Release; };
  E6FCC96875DCC318D37C25BC = { isa = XCConfigurationList; buildConfigurations = (FD348036C6EE7DBA28EEFEA0, 8DF67D5F134A30A38A900DEC); defaultConfigurationIsVisible = 0; defaultConfigurationName = Release; };
  62CAA3BB0C6DF142BCE0EFA9 = { isa = PBXBuildFile; fileRef = 168BE70F36BD5047078439EE; };
  C23E857438F5FA9E08932E4C = { isa = PBXBuildFile; fileRef = F8F881C1B88DDF6C12DD987B; };
  8F49DA19007FE0C471B6C4C3 = { isa = PBXBuildFile; fileRef = 1F365B9413769A12CA29F9C0; };
  8D2594C33801F93FA3E805E1 = { isa = PBXBuildFile; fileRef = E311CCDE2DB045A6AFACB395; };
  845236642F0B0C5ED1589CBF = { isa = PBXBuildFile; fileRef = 598EAC57BA57FBD51894CA42; };
  AB577F0598F883AEAB7119CB = { isa = PBXBuildFile; fileRef = 645D47EA97770E7BEC4E22A8; };
  2A75220C6D359537035A93A2 = { isa = PBXBuildFile; fileRef = E37149D01F3F78D9BECA56D1; };
  948073D07BF2878CD853E523 = { isa = PBXBuildFile; fileRef = B37B4FD675AE0377545CBE34; };
  CCB8D576FF028A600D4C88DE = { isa = PBXBuildFile; fileRef = 36A2033CFF438FEB49072AFD; };
  810C32ED587713342754C6B3 = { isa = PBXBuildFile; fileRef = B2AB1F1BB67621E83900B41E; };
  2039306B74D3AE80EDBFF35F = { isa = PBXBuildFile; fileRef = 7C37064D374C76C1096B3271; };
  9FB8984F4ED80382E726AE8C = { isa = PBXBuildFile; fileRef = 0AA3BA426F3B59870CE7BDFF; };
  10689D8EEC923FB56468C5F0 = { isa = PBXBuildFile; fileRef = 92F7D6FFF8F883FB04C76C8F; };
  ECEE41436AD816280F70C549 = { isa = PBXBuildFile; fileRef = D21E7488324FCA755B06E381; };
  C5F8FFF973CABDCD4424A33B = { isa = PBXBuildFile; fileRef = A5EE8F784FCC35F07D976033; };
  51BD0E0198E87ABECA7AF95A = { isa = PBXBuildFile; fileRef = C2D4113429D570ADB7019179; };
  208A6597053788A2336E0145 = { isa = PBXBuildFile; fileRef = 4AF4BAA56F2E985295A8FB70; };
  9E68D30B11ABA6ADF51FBAD6 = { isa = PBXBuildFile; fileRef = A23E691A66940BDAC69B5AEF; };
  C67D6321B09624CE3176C326 = { isa = PBXBuildFile; fileRef = 0705440043E4D8A4E8E1F5BC; };
  2EA00F7D09E17C96A399AFFC = { isa = PBXBuildFile; fileRef = 9128DE2CF0BD2B19DE336D18; };
  B75C1C288DCE60593F326CF5 = { isa = PBXBuildFile; fileRef = BE1944AF5BCECD1C2C92469C; };
  B69E8AACB1E71696E1537ADB = { isa = PBXBuildFile; fileRef = F1E5E12F55AE38433E7D12B2; };
  79DE1443958D5F91297F758F = { isa = PBXBuildFile; fileRef = AF63F94DC063BBE00FBBC00C; };
  EEC4B88BFEFE59BEA82C9588 = { isa = PBXBuildFile; fileRef = B760BC216D91559ACE98BF3C; };
  4671D13FBFC6BC6787BE7AA9 = { isa = PBXBuildFile; fileRef = 7D1F388CB838BA1A86717790; };
  10CFB8FC07072812E7F2307C = { isa = PBXBuildFile; fileRef = 7F635EE755A6FF76288CAC93; };
  3494C296E9E0C6DE9A7DB3AB = { isa = PBXSourcesBuildPhase; buildActionMask = 2147483647; files = (62CAA3BB0C6DF142BCE0EFA9, C23E857438F5FA9E08932E4C, 8F49DA19007FE0C471B6C4C3, 8D2594C33801F93FA3E805E1, 845236642F0B0C5ED1589CBF, AB577F0598F883AEAB7119CB, 2A75220C6D359537035A93A2, 948073D07BF2878CD853E523, CCB8D576FF028A600D4C88DE, 810C32ED587713342754C6B3, 2039306B74D3AE80EDBFF35F, 9FB8984F4ED80382E726AE8C, 10689D8EEC923FB56468C5F0, ECEE41436AD816280F70C549, C5F8FFF973CABDCD4424A33B, 51BD0E0198E87ABECA7AF95A, 208A6597053788A2336E0145, 9E68D30B11ABA6ADF51FBAD6, C67D6321B09624CE3176C326, 2EA00F7D09E17C96A399AFFC, B75C1C288DCE60593F326CF5, B69E8AACB1E71696E1537ADB, 79DE1443958D5F91297F758F, EEC4B88BFEFE59BEA82C9588, 4671D13FBFC6BC6787BE7AA9, 10CFB8FC07072812E7F2307C); runOnlyForDeploymentPostprocessing = 0; };
  DE7B87822D14BFF9CC323AAA = { isa = PBXBuildFile; fileRef = DC42EDCB417B3FF8AC6A5790; };
  FC2D33B76BB0622A159F1AC1 = { isa = PBXBuildFile; fileRef = 7170956887AAB0A1540AD05F; };
  FFA6711AC1E6AD1D22F02D0A = { isa = PBXBuildFile; fileRef = B4F9001FEF5406956D64F3DB; };
  666F849E4408004C1C197EBD = { isa = PBXBuildFile; fileRef = 622BBF650B481D0F21022A53; };
  ACC80EBFDBCD43458062DD82 = { isa = PBXResourcesBuildPhase; buildActionMask = 2147483647; files = (DE7B87822D14BFF9CC323AAA, FC2D33B76BB0622A159F1AC1, FFA6711AC1E6AD1D22F02D0A, 666F849E4408004C1C197EBD); runOnlyForDeploymentPostprocessing = 0; };
  0D15912BE5A12E043E461000 = { isa = PBXFrameworksBuildPhase; buildActionMask = 2147483647; files = (); runOnlyForDeploymentPostprocessing = 0; };
  A04CF67E02C41C5DF7DFCE10 = { isa = PBXNativeTarget; buildConfigurationList = E6FCC96875DCC318D37C25BC; buildPhases = (3494C296E9E0C6DE9A7DB3AB, 0D15912BE5A12E043E461000, ACC80EBFDBCD43458062DD82); buildRules = (); dependencies = (); name = NoteMarginPersonal; productName = NoteMarginPersonal; productReference = C3BF3ED67D50CC0123853681; productType = "com.apple.product-type.application"; };
  98F54143AB4E86B28C3AFEE0 = { isa = PBXProject; attributes = { BuildIndependentTargetsInParallel = YES; LastSwiftUpdateCheck = 1600; LastUpgradeCheck = 1600; TargetAttributes = { 0E8A3AD980EC179856012B7E = { CreatedOnToolsVersion = 16.0; }; }; }; buildConfigurationList = 862894B703A6DEDF96A9DD6C; compatibilityVersion = "Xcode 14.0"; developmentRegion = ko; hasScannedForEncodings = 0; knownRegions = (ko, en, Base); mainGroup = B28B7AF69320201D1CF206EB; productRefGroup = FBDC4F23F93125BBEEAE800C; projectDirPath = ""; projectRoot = ""; targets = (0E8A3AD980EC179856012B7E, A04CF67E02C41C5DF7DFCE10); };
 };
 rootObject = 98F54143AB4E86B28C3AFEE0;
}
