// !$*UTF8*$!
{ "archiveVersion" = "1"; "classes" = { }; "objectVersion" = "56"; "objects" = { "0189424A5A60FED329FA868E" = { "buildActionMask" = "2147483647"; "files" = ("9A2E2A220F4F8A125E7AF7A2", "5BC2536E2F353ABA18798C08", "45FBE3DD552D08DD8CAFBFD8", "0BAE2A324D27E3E5059F614D", "E73776B5BAF9EBDADF811803", "2B3EE6CEAD06E97795C0A5C7"); "isa" = "PBXResourcesBuildPhase"; "runOnlyForDeploymentPostprocessing" = "0"; }; "02AFD6AD2D073BBD196EF55A" = { "fileRef" = "96C4DC5CD3CB533389385008"; "isa" = "PBXBuildFile"; }; "02B436D0E8BE8D354190E834" = { "children" = ("622BBF650B481D0F21022A53"); "isa" = "PBXGroup"; "path" = "PersonalResources"; "sourceTree" = "<group>"; }; "0705440043E4D8A4E8E1F5BC" = { "isa" = "PBXFileReference"; "lastKnownFileType" = "sourcecode.swift"; "path" = "AIEditorCanvas.swift"; "sourceTree" = "<group>"; }; "081A56EFCEE36FDEEC8415D3" = { "fileRef" = "476F4EE0CE9A753046306E46"; "isa" = "PBXBuildFile"; }; "09164D5F8555A31D9C2851F3" = { "fileRef" = "249597931E40015734D3BE31"; "isa" = "PBXBuildFile"; }; "0B22DB56782FD072F6DE2968" = { "children" = ("EE27C7445F418FC841FB4470", "DC42EDCB417B3FF8AC6A5790", "AD14F4136B522855CCB4D52D", "53593C6624C916652E152E26", "413E4818146B7B24CFF17631", "9786C5DC116FB821312414AF", "02B436D0E8BE8D354190E834", "7170956887AAB0A1540AD05F", "90A2C3B66664FB2559EFADFE", "AB5D463035DF6DA31DCE615B", "81C7B96EA3173C0C3B4C8FDC", "B4F9001FEF5406956D64F3DB"); "isa" = "PBXGroup"; "path" = "NoteMargin"; "sourceTree" = "<group>"; }; "0BAE2A324D27E3E5059F614D" = { "fileRef" = "81C7B96EA3173C0C3B4C8FDC"; "isa" = "PBXBuildFile"; }; "0D15912BE5A12E043E461000" = { "buildActionMask" = "2147483647"; "files" = (); "isa" = "PBXFrameworksBuildPhase"; "runOnlyForDeploymentPostprocessing" = "0"; }; "0E8A3AD980EC179856012B7E" = { "buildConfigurationList" = "C57128001CE614BF8549D6BB"; "buildPhases" = ("BCE16DD0260827ECF338C787", "7561BFB015D8F536760CB671", "0189424A5A60FED329FA868E"); "buildRules" = (); "dependencies" = (); "isa" = "PBXNativeTarget"; "name" = "NoteMargin"; "productName" = "NoteMargin"; "productReference" = "38A007151ABE87CC01A5B6E9"; "productType" = "com.apple.product-type.application"; }; "119C84546088373DFB0804B6" = { "fileRef" = "645D47EA97770E7BEC4E22A8"; "isa" = "PBXBuildFile"; }; "14529F8B94E2BB18FACC75CC" = { "fileRef" = "96C4DC5CD3CB533389385008"; "isa" = "PBXBuildFile"; }; "168BE70F36BD5047078439EE" = { "isa" = "PBXFileReference"; "lastKnownFileType" = "sourcecode.swift"; "path" = "NoteMarginApp.swift"; "sourceTree" = "<group>"; }; "1F365B9413769A12CA29F9C0" = { "isa" = "PBXFileReference"; "lastKnownFileType" = "sourcecode.swift"; "path" = "DrawingSession.swift"; "sourceTree" = "<group>"; }; "2039306B74D3AE80EDBFF35F" = { "fileRef" = "7C37064D374C76C1096B3271"; "isa" = "PBXBuildFile"; }; "2041011BA78D01775BDF9FC0" = { "fileRef" = "36A2033CFF438FEB49072AFD"; "isa" = "PBXBuildFile"; }; "208A6597053788A2336E0145" = { "fileRef" = "4AF4BAA56F2E985295A8FB70"; "isa" = "PBXBuildFile"; }; "23600C44BE8F8707F51CBDEC" = { "fileRef" = "C6654852DAB7DFFE19A5AF23"; "isa" = "PBXBuildFile"; }; "236F637E9579097ECAF358E8" = { "fileRef" = "757E0BA2ECFACB153A61A99C"; "isa" = "PBXBuildFile"; }; "24099D9192EBEC17779DD830" = { "fileRef" = "96121644C8AEED39305EB2B2"; "isa" = "PBXBuildFile"; }; "249597931E40015734D3BE31" = { "isa" = "PBXFileReference"; "lastKnownFileType" = "sourcecode.swift"; "path" = "InkSpatialIndex.swift"; "sourceTree" = "<group>"; }; "2A75220C6D359537035A93A2" = { "fileRef" = "E37149D01F3F78D9BECA56D1"; "isa" = "PBXBuildFile"; }; "2B3EE6CEAD06E97795C0A5C7" = { "fileRef" = "65526015AB17FE22D2AECCFA"; "isa" = "PBXBuildFile"; }; "2EA00F7D09E17C96A399AFFC" = { "fileRef" = "9128DE2CF0BD2B19DE336D18"; "isa" = "PBXBuildFile"; }; "3494C296E9E0C6DE9A7DB3AB" = { "buildActionMask" = "2147483647"; "files" = ("62CAA3BB0C6DF142BCE0EFA9", "C23E857438F5FA9E08932E4C", "8F49DA19007FE0C471B6C4C3", "8D2594C33801F93FA3E805E1", "845236642F0B0C5ED1589CBF", "AB577F0598F883AEAB7119CB", "2A75220C6D359537035A93A2", "DE5AE3C6E5F6096573B5ED32", "4B9B1F6B268D2D535E118AC8", "948073D07BF2878CD853E523", "9F781465F8514BAF7D33EAA8", "CCB8D576FF028A600D4C88DE", "810C32ED587713342754C6B3", "2039306B74D3AE80EDBFF35F", "236F637E9579097ECAF358E8", "62C8ADC017A693F3D03C2E61", "35430E7EB0AB56C644D50ECB", "40002E88799739AC399DA91F", "4186D956B4F20098A025615F", "C5F8FFF973CABDCD4424A33B", "51BD0E0198E87ABECA7AF95A", "208A6597053788A2336E0145", "C67D6321B09624CE3176C326", "02AFD6AD2D073BBD196EF55A", "414AEFF53A0BE9A576BE879D", "2EA00F7D09E17C96A399AFFC", "B75C1C288DCE60593F326CF5", "B69E8AACB1E71696E1537ADB", "95CD18C3B6EA8A00AE605D44", "EEC4B88BFEFE59BEA82C9588", "4671D13FBFC6BC6787BE7AA9", "CE4F440C4C1A80C15970E766", "23600C44BE8F8707F51CBDEC", "BD19B7F6BDEE18B73AB10AEF", "09164D5F8555A31D9C2851F3", "BEDF70E3EF644ED7DAB49AA4", "5C2174C9B86A2A49752B6D3E", "E082C400B8849826443D83B3"); "isa" = "PBXSourcesBuildPhase"; "runOnlyForDeploymentPostprocessing" = "0"; }; "35430E7EB0AB56C644D50ECB" = { "fileRef" = "B83800FF1B3ACA099D28C20B"; "isa" = "PBXBuildFile"; }; "36A2033CFF438FEB49072AFD" = { "isa" = "PBXFileReference"; "lastKnownFileType" = "sourcecode.swift"; "path" = "LibraryRepository.swift"; "sourceTree" = "<group>"; }; "38A007151ABE87CC01A5B6E9" = { "explicitFileType" = "wrapper.application"; "includeInIndex" = "0"; "isa" = "PBXFileReference"; "path" = "NoteMargin.app"; "sourceTree" = "BUILT_PRODUCTS_DIR"; }; "40002E88799739AC399DA91F" = { "fileRef" = "D5311F58F783ECE227DDF64C"; "isa" = "PBXBuildFile"; }; "40251765A89505AFE686D367" = { "isa" = "PBXFileReference"; "lastKnownFileType" = "sourcecode.swift"; "path" = "ConversationMemory.swift"; "sourceTree" = "<group>"; }; "402DDAB4F7F4C531A9D555F3" = { "fileRef" = "A5EE8F784FCC35F07D976033"; "isa" = "PBXBuildFile"; }; "413E4818146B7B24CFF17631" = { "isa" = "PBXFileReference"; "lastKnownFileType" = "text.plist.xml"; "path" = "Info.plist"; "sourceTree" = "<group>"; }; "414AEFF53A0BE9A576BE879D" = { "fileRef" = "E318480E42709E2179F2F53E"; "isa" = "PBXBuildFile"; }; "4186D956B4F20098A025615F" = { "fileRef" = "43D18E9FCC9756BD44C5564A"; "isa" = "PBXBuildFile"; }; "42DAF8D564296240CC6221E5" = { "isa" = "PBXFileReference"; "lastKnownFileType" = "text.plist.strings"; "name" = "en"; "path" = "en.lproj/InfoPlist.strings"; "sourceTree" = "<group>"; }; "43D18E9FCC9756BD44C5564A" = { "isa" = "PBXFileReference"; "lastKnownFileType" = "sourcecode.swift"; "path" = "ChatGPTSignIn.swift"; "sourceTree" = "<group>"; }; "45FBE3DD552D08DD8CAFBFD8" = { "fileRef" = "7170956887AAB0A1540AD05F"; "isa" = "PBXBuildFile"; }; "4671D13FBFC6BC6787BE7AA9" = { "fileRef" = "7D1F388CB838BA1A86717790"; "isa" = "PBXBuildFile"; }; "476F4EE0CE9A753046306E46" = { "isa" = "PBXFileReference"; "lastKnownFileType" = "sourcecode.swift"; "path" = "ChatGPTOAuth.swift"; "sourceTree" = "<group>"; }; "47C5ED5BBDD1499900285511" = { "isa" = "PBXFileReference"; "lastKnownFileType" = "sourcecode.swift"; "path" = "ShapeCompletion.swift"; "sourceTree" = "<group>"; }; "4AF4BAA56F2E985295A8FB70" = { "isa" = "PBXFileReference"; "lastKnownFileType" = "sourcecode.swift"; "path" = "RegionContextService.swift"; "sourceTree" = "<group>"; }; "4B85E065128685D90D439CE9" = { "fileRef" = "BE1944AF5BCECD1C2C92469C"; "isa" = "PBXBuildFile"; }; "4B9B1F6B268D2D535E118AC8" = { "fileRef" = "A0CC80B71374A6D0BA436A19"; "isa" = "PBXBuildFile"; }; "4C9BE628EB3E825628B29F55" = { "fileRef" = "598EAC57BA57FBD51894CA42"; "isa" = "PBXBuildFile"; }; "4DF7FAF292DEF504991BF41C" = { "fileRef" = "65526015AB17FE22D2AECCFA"; "isa" = "PBXBuildFile"; }; "4F8FE9B42141ACFAF57CCBB7" = { "fileRef" = "E311CCDE2DB045A6AFACB395"; "isa" = "PBXBuildFile"; }; "50230CC4CD35FED38197433B" = { "fileRef" = "A28E71D17BBFE24DB975B047"; "isa" = "PBXBuildFile"; }; "511F2324F56410974365BBFA" = { "fileRef" = "757E0BA2ECFACB153A61A99C"; "isa" = "PBXBuildFile"; }; "51BD0E0198E87ABECA7AF95A" = { "fileRef" = "C2D4113429D570ADB7019179"; "isa" = "PBXBuildFile"; }; "5261D4E63E51D589AE847E08" = { "fileRef" = "0705440043E4D8A4E8E1F5BC"; "isa" = "PBXBuildFile"; }; "53593C6624C916652E152E26" = { "children" = ("645D47EA97770E7BEC4E22A8", "E37149D01F3F78D9BECA56D1", "476F4EE0CE9A753046306E46", "A0CC80B71374A6D0BA436A19", "B37B4FD675AE0377545CBE34", "40251765A89505AFE686D367", "36A2033CFF438FEB49072AFD", "B2AB1F1BB67621E83900B41E", "7C37064D374C76C1096B3271", "757E0BA2ECFACB153A61A99C"); "isa" = "PBXGroup"; "path" = "Core"; "sourceTree" = "<group>"; }; "54DB32CCE342ED97AD7A7A70" = { "fileRef" = "A0CC80B71374A6D0BA436A19"; "isa" = "PBXBuildFile"; }; "5929C487F40753E1F9411ED7" = { "fileRef" = "9786C5DC116FB821312414AF"; "isa" = "PBXBuildFile"; }; "598EAC57BA57FBD51894CA42" = { "isa" = "PBXFileReference"; "lastKnownFileType" = "sourcecode.swift"; "path" = "PageRenderer.swift"; "sourceTree" = "<group>"; }; "5BC2536E2F353ABA18798C08" = { "fileRef" = "9786C5DC116FB821312414AF"; "isa" = "PBXBuildFile"; }; "5C2174C9B86A2A49752B6D3E" = { "fileRef" = "47C5ED5BBDD1499900285511"; "isa" = "PBXBuildFile"; }; "5E2EC2C6819B0E00FFFD6543" = { "isa" = "PBXFileReference"; "lastKnownFileType" = "sourcecode.swift"; "path" = "ChatGPTCredentials.swift"; "sourceTree" = "<group>"; }; "622BBF650B481D0F21022A53" = { "children" = ("D4D55852FDF639E594091B43", "E32827CCEA5CEE00CD80A07C"); "isa" = "PBXVariantGroup"; "name" = "InfoPlist.strings"; "sourceTree" = "<group>"; }; "62C8ADC017A693F3D03C2E61" = { "fileRef" = "5E2EC2C6819B0E00FFFD6543"; "isa" = "PBXBuildFile"; }; "62CAA3BB0C6DF142BCE0EFA9" = { "fileRef" = "168BE70F36BD5047078439EE"; "isa" = "PBXBuildFile"; }; "631B9A6836D3A07C45EF46E4" = { "fileRef" = "F1E5E12F55AE38433E7D12B2"; "isa" = "PBXBuildFile"; }; "639A7CA24D39909E713B47F7" = { "buildSettings" = { "ASSETCATALOG_COMPILER_APPICON_NAME" = "AppIcon"; "ASSETCATALOG_COMPILER_GLOBAL_ACCENT_COLOR_NAME" = "AccentColor"; "CODE_SIGN_STYLE" = "Automatic"; "CURRENT_PROJECT_VERSION" = "1"; "DEBUG_INFORMATION_FORMAT" = "dwarf-with-dsym"; "GENERATE_INFOPLIST_FILE" = "NO"; "INFOPLIST_FILE" = "NoteMargin/Info.plist"; "LD_RUNPATH_SEARCH_PATHS" = ("$(inherited)", "@executable_path/Frameworks"); "MARKETING_VERSION" = "1.0.0"; "PRODUCT_BUNDLE_IDENTIFIER" = "com.yeobaek.notes"; "PRODUCT_NAME" = "$(TARGET_NAME)"; "SUPPORTED_PLATFORMS" = "iphoneos iphonesimulator"; "SUPPORTS_MACCATALYST" = "NO"; "SUPPORTS_MAC_DESIGNED_FOR_IPHONE_IPAD" = "NO"; "SWIFT_EMIT_LOC_STRINGS" = "YES"; "SWIFT_OPTIMIZATION_LEVEL" = "-O"; "TARGETED_DEVICE_FAMILY" = "2"; }; "isa" = "XCBuildConfiguration"; "name" = "Release"; }; "645D47EA97770E7BEC4E22A8" = { "isa" = "PBXFileReference"; "lastKnownFileType" = "sourcecode.swift"; "path" = "AIModels.swift"; "sourceTree" = "<group>"; }; "65526015AB17FE22D2AECCFA" = { "isa" = "PBXFileReference"; "lastKnownFileType" = "text"; "path" = "NoteMargin/ThirdParty/Excalidraw-LICENSE.txt"; "sourceTree" = "SOURCE_ROOT"; }; "666F849E4408004C1C197EBD" = { "fileRef" = "622BBF650B481D0F21022A53"; "isa" = "PBXBuildFile"; }; "66A573794989EABC572A22C5" = { "fileRef" = "40251765A89505AFE686D367"; "isa" = "PBXBuildFile"; }; "683B7BCD68FF4560514EC73F" = { "fileRef" = "5E2EC2C6819B0E00FFFD6543"; "isa" = "PBXBuildFile"; }; "6A4CB4EF86152D04BBA77D72" = { "fileRef" = "1F365B9413769A12CA29F9C0"; "isa" = "PBXBuildFile"; }; "6A84E3707F37A92DD9F7075D" = { "fileRef" = "7D1F388CB838BA1A86717790"; "isa" = "PBXBuildFile"; }; "6E75E984F4BD8D2C1581095B" = { "fileRef" = "EBDD2B1F198096A88B7AEE32"; "isa" = "PBXBuildFile"; }; "6F528C3821CBC8A4C76ADEDD" = { "fileRef" = "249597931E40015734D3BE31"; "isa" = "PBXBuildFile"; }; "7082CC0B6FC1282FCEABD07A" = { "buildSettings" = { "ASSETCATALOG_COMPILER_APPICON_NAME" = "AppIcon"; "ASSETCATALOG_COMPILER_GLOBAL_ACCENT_COLOR_NAME" = "AccentColor"; "CODE_SIGN_STYLE" = "Automatic"; "CURRENT_PROJECT_VERSION" = "1"; "DEBUG_INFORMATION_FORMAT" = "dwarf"; "ENABLE_TESTABILITY" = "YES"; "GENERATE_INFOPLIST_FILE" = "NO"; "INFOPLIST_FILE" = "NoteMargin/Info.plist"; "LD_RUNPATH_SEARCH_PATHS" = ("$(inherited)", "@executable_path/Frameworks"); "MARKETING_VERSION" = "1.0.0"; "PRODUCT_BUNDLE_IDENTIFIER" = "com.yeobaek.notes"; "PRODUCT_NAME" = "$(TARGET_NAME)"; "SUPPORTED_PLATFORMS" = "iphoneos iphonesimulator"; "SUPPORTS_MACCATALYST" = "NO"; "SUPPORTS_MAC_DESIGNED_FOR_IPHONE_IPAD" = "NO"; "SWIFT_ACTIVE_COMPILATION_CONDITIONS" = "DEBUG $(inherited)"; "SWIFT_EMIT_LOC_STRINGS" = "YES"; "SWIFT_OPTIMIZATION_LEVEL" = "-Onone"; "TARGETED_DEVICE_FAMILY" = "2"; }; "isa" = "XCBuildConfiguration"; "name" = "Debug"; }; "7170956887AAB0A1540AD05F" = { "isa" = "PBXFileReference"; "lastKnownFileType" = "text.xml"; "path" = "PrivacyInfo.xcprivacy"; "sourceTree" = "<group>"; }; "7561BFB015D8F536760CB671" = { "buildActionMask" = "2147483647"; "files" = (); "isa" = "PBXFrameworksBuildPhase"; "runOnlyForDeploymentPostprocessing" = "0"; }; "757E0BA2ECFACB153A61A99C" = { "isa" = "PBXFileReference"; "lastKnownFileType" = "sourcecode.swift"; "path" = "ServerSentEvents.swift"; "sourceTree" = "<group>"; }; "75916C2BDD21ACFCF82A0902" = { "fileRef" = "B0447B17C4D58D71D1B70E77"; "isa" = "PBXBuildFile"; }; "7C37064D374C76C1096B3271" = { "isa" = "PBXFileReference"; "lastKnownFileType" = "sourcecode.swift"; "path" = "Models.swift"; "sourceTree" = "<group>"; }; "7C745DDB83FB168516E01251" = { "fileRef" = "43D18E9FCC9756BD44C5564A"; "isa" = "PBXBuildFile"; }; "7D1F388CB838BA1A86717790" = { "isa" = "PBXFileReference"; "lastKnownFileType" = "sourcecode.swift"; "path" = "PageManagerView.swift"; "sourceTree" = "<group>"; }; "810C32ED587713342754C6B3" = { "fileRef" = "B2AB1F1BB67621E83900B41E"; "isa" = "PBXBuildFile"; }; "81C7B96EA3173C0C3B4C8FDC" = { "children" = ("42DAF8D564296240CC6221E5", "A6749001A89E696438390F4F"); "isa" = "PBXVariantGroup"; "name" = "InfoPlist.strings"; "sourceTree" = "<group>"; }; "845236642F0B0C5ED1589CBF" = { "fileRef" = "598EAC57BA57FBD51894CA42"; "isa" = "PBXBuildFile"; }; "862894B703A6DEDF96A9DD6C" = { "buildConfigurations" = ("89E1FD6268CC0F221A2BE178", "E6DE6C99132752C914FEF632"); "defaultConfigurationIsVisible" = "0"; "defaultConfigurationName" = "Release"; "isa" = "XCConfigurationList"; }; "89E1FD6268CC0F221A2BE178" = { "buildSettings" = { "CLANG_ANALYZER_LOCALIZABILITY_NONLOCALIZED" = "YES"; "CLANG_ENABLE_MODULES" = "YES"; "CLANG_ENABLE_OBJC_ARC" = "YES"; "CLANG_WARN_BLOCK_CAPTURE_AUTORELEASING" = "YES"; "CLANG_WARN_BOOL_CONVERSION" = "YES"; "CLANG_WARN_COMMA" = "YES"; "CLANG_WARN_CONSTANT_CONVERSION" = "YES"; "CLANG_WARN_DEPRECATED_OBJC_IMPLEMENTATIONS" = "YES"; "CLANG_WARN_EMPTY_BODY" = "YES"; "CLANG_WARN_ENUM_CONVERSION" = "YES"; "CLANG_WARN_INFINITE_RECURSION" = "YES"; "CLANG_WARN_INT_CONVERSION" = "YES"; "CLANG_WARN_NON_LITERAL_NULL_CONVERSION" = "YES"; "CLANG_WARN_OBJC_IMPLICIT_RETAIN_SELF" = "YES"; "CLANG_WARN_OBJC_LITERAL_CONVERSION" = "YES"; "CLANG_WARN_QUOTED_INCLUDE_IN_FRAMEWORK_HEADER" = "YES"; "CLANG_WARN_RANGE_LOOP_ANALYSIS" = "YES"; "CLANG_WARN_STRICT_PROTOTYPES" = "YES"; "CLANG_WARN_SUSPICIOUS_MOVE" = "YES"; "CLANG_WARN_UNREACHABLE_CODE" = "YES"; "CLANG_WARN__DUPLICATE_METHOD_MATCH" = "YES"; "DEBUG_INFORMATION_FORMAT" = "dwarf"; "DEVELOPMENT_TEAM" = "782Z86BZ7D"; "ENABLE_STRICT_OBJC_MSGSEND" = "YES"; "ENABLE_TESTABILITY" = "YES"; "ENABLE_USER_SCRIPT_SANDBOXING" = "YES"; "GCC_NO_COMMON_BLOCKS" = "YES"; "GCC_WARN_64_TO_32_BIT_CONVERSION" = "YES"; "GCC_WARN_ABOUT_RETURN_TYPE" = "YES"; "GCC_WARN_UNDECLARED_SELECTOR" = "YES"; "GCC_WARN_UNINITIALIZED_AUTOS" = "YES"; "GCC_WARN_UNUSED_FUNCTION" = "YES"; "GCC_WARN_UNUSED_VARIABLE" = "YES"; "IPHONEOS_DEPLOYMENT_TARGET" = "17.0"; "ONLY_ACTIVE_ARCH" = "YES"; "SDKROOT" = "iphoneos"; "STRING_CATALOG_GENERATE_SYMBOLS" = "YES"; "SWIFT_ACTIVE_COMPILATION_CONDITIONS" = "DEBUG $(inherited)"; "SWIFT_OPTIMIZATION_LEVEL" = "-Onone"; "SWIFT_STRICT_CONCURRENCY" = "targeted"; "SWIFT_VERSION" = "5.0"; }; "isa" = "XCBuildConfiguration"; "name" = "Debug"; }; "8D2594C33801F93FA3E805E1" = { "fileRef" = "E311CCDE2DB045A6AFACB395"; "isa" = "PBXBuildFile"; }; "8DF67D5F134A30A38A900DEC" = { "buildSettings" = { "ASSETCATALOG_COMPILER_APPICON_NAME" = "AppIcon"; "ASSETCATALOG_COMPILER_GLOBAL_ACCENT_COLOR_NAME" = "AccentColor"; "CODE_SIGN_STYLE" = "Automatic"; "CURRENT_PROJECT_VERSION" = "1"; "DEBUG_INFORMATION_FORMAT" = "dwarf-with-dsym"; "GENERATE_INFOPLIST_FILE" = "NO"; "INFOPLIST_FILE" = "NoteMargin/Info.plist"; "LD_RUNPATH_SEARCH_PATHS" = "$(inherited) @executable_path/Frameworks"; "MARKETING_VERSION" = "1.0.0"; "PRODUCT_BUNDLE_IDENTIFIER" = "com.yeobaek.notes.personal"; "PRODUCT_NAME" = "$(TARGET_NAME)"; "SUPPORTED_PLATFORMS" = "iphoneos iphonesimulator"; "SUPPORTS_MACCATALYST" = "NO"; "SUPPORTS_MAC_DESIGNED_FOR_IPHONE_IPAD" = "NO"; "SWIFT_ACTIVE_COMPILATION_CONDITIONS" = "$(inherited)"; "SWIFT_EMIT_LOC_STRINGS" = "YES"; "SWIFT_OPTIMIZATION_LEVEL" = "-O"; "TARGETED_DEVICE_FAMILY" = "2"; }; "isa" = "XCBuildConfiguration"; "name" = "Release"; }; "8F49DA19007FE0C471B6C4C3" = { "fileRef" = "1F365B9413769A12CA29F9C0"; "isa" = "PBXBuildFile"; }; "906136F67151F6B6DB482507" = { "fileRef" = "B83800FF1B3ACA099D28C20B"; "isa" = "PBXBuildFile"; }; "90A2C3B66664FB2559EFADFE" = { "children" = ("5E2EC2C6819B0E00FFFD6543", "B83800FF1B3ACA099D28C20B", "D5311F58F783ECE227DDF64C", "43D18E9FCC9756BD44C5564A", "A5EE8F784FCC35F07D976033", "C2D4113429D570ADB7019179", "4AF4BAA56F2E985295A8FB70", "B0447B17C4D58D71D1B70E77"); "isa" = "PBXGroup"; "path" = "Services"; "sourceTree" = "<group>"; }; "90F23C0190BDED5FF91A9A21" = { "fileRef" = "E37149D01F3F78D9BECA56D1"; "isa" = "PBXBuildFile"; }; "9128DE2CF0BD2B19DE336D18" = { "isa" = "PBXFileReference"; "lastKnownFileType" = "sourcecode.swift"; "path" = "Design.swift"; "sourceTree" = "<group>"; }; "948073D07BF2878CD853E523" = { "fileRef" = "B37B4FD675AE0377545CBE34"; "isa" = "PBXBuildFile"; }; "95CD18C3B6EA8A00AE605D44" = { "fileRef" = "EBDD2B1F198096A88B7AEE32"; "isa" = "PBXBuildFile"; }; "96121644C8AEED39305EB2B2" = { "isa" = "PBXFileReference"; "lastKnownFileType" = "sourcecode.swift"; "path" = "ShapeEditing.swift"; "sourceTree" = "<group>"; }; "96C4DC5CD3CB533389385008" = { "isa" = "PBXFileReference"; "lastKnownFileType" = "sourcecode.swift"; "path" = "ChatGPTMarginView.swift"; "sourceTree" = "<group>"; }; "9786C5DC116FB821312414AF" = { "isa" = "PBXFileReference"; "lastKnownFileType" = "folder"; "path" = "MathResources"; "sourceTree" = "<group>"; }; "98F54143AB4E86B28C3AFEE0" = { "attributes" = { "BuildIndependentTargetsInParallel" = "YES"; "LastSwiftUpdateCheck" = "1600"; "LastUpgradeCheck" = "2660"; "TargetAttributes" = { "0E8A3AD980EC179856012B7E" = { "CreatedOnToolsVersion" = "16.0"; }; }; }; "buildConfigurationList" = "862894B703A6DEDF96A9DD6C"; "compatibilityVersion" = "Xcode 14.0"; "developmentRegion" = "ko"; "hasScannedForEncodings" = "0"; "isa" = "PBXProject"; "knownRegions" = ("ko", "en", "Base"); "mainGroup" = "B28B7AF69320201D1CF206EB"; "productRefGroup" = "FBDC4F23F93125BBEEAE800C"; "projectDirPath" = ""; "projectRoot" = ""; "targets" = ("0E8A3AD980EC179856012B7E", "A04CF67E02C41C5DF7DFCE10"); }; "9A2E2A220F4F8A125E7AF7A2" = { "fileRef" = "DC42EDCB417B3FF8AC6A5790"; "isa" = "PBXBuildFile"; }; "9B1E5CC902B74753C62C935F" = { "fileRef" = "D5311F58F783ECE227DDF64C"; "isa" = "PBXBuildFile"; }; "9CE4F65F22B03C763679F714" = { "isa" = "PBXFileReference"; "lastKnownFileType" = "sourcecode.swift"; "path" = "ShapeRecognition.swift"; "sourceTree" = "<group>"; }; "9F781465F8514BAF7D33EAA8" = { "fileRef" = "40251765A89505AFE686D367"; "isa" = "PBXBuildFile"; }; "A04CF67E02C41C5DF7DFCE10" = { "buildConfigurationList" = "E6FCC96875DCC318D37C25BC"; "buildPhases" = ("3494C296E9E0C6DE9A7DB3AB", "0D15912BE5A12E043E461000", "ACC80EBFDBCD43458062DD82"); "buildRules" = (); "dependencies" = (); "isa" = "PBXNativeTarget"; "name" = "NoteMarginPersonal"; "productName" = "NoteMarginPersonal"; "productReference" = "C3BF3ED67D50CC0123853681"; "productType" = "com.apple.product-type.application"; }; "A0CC80B71374A6D0BA436A19" = { "isa" = "PBXFileReference"; "lastKnownFileType" = "sourcecode.swift"; "path" = "ChatGPTPlan.swift"; "sourceTree" = "<group>"; }; "A20B30F7D9C0DC582D81EADD" = { "fileRef" = "168BE70F36BD5047078439EE"; "isa" = "PBXBuildFile"; }; "A28E71D17BBFE24DB975B047" = { "isa" = "PBXFileReference"; "lastKnownFileType" = "sourcecode.swift"; "path" = "DrawingEngineMetrics.swift"; "sourceTree" = "<group>"; }; "A429D5DDEEF0254725910669" = { "fileRef" = "47C5ED5BBDD1499900285511"; "isa" = "PBXBuildFile"; }; "A5EE8F784FCC35F07D976033" = { "isa" = "PBXFileReference"; "lastKnownFileType" = "sourcecode.swift"; "path" = "ExportService.swift"; "sourceTree" = "<group>"; }; "A6749001A89E696438390F4F" = { "isa" = "PBXFileReference"; "lastKnownFileType" = "text.plist.strings"; "name" = "ko"; "path" = "ko.lproj/InfoPlist.strings"; "sourceTree" = "<group>"; }; "AB577F0598F883AEAB7119CB" = { "fileRef" = "645D47EA97770E7BEC4E22A8"; "isa" = "PBXBuildFile"; }; "AB5D463035DF6DA31DCE615B" = { "children" = ("0705440043E4D8A4E8E1F5BC", "96C4DC5CD3CB533389385008", "E318480E42709E2179F2F53E", "9128DE2CF0BD2B19DE336D18", "BE1944AF5BCECD1C2C92469C", "F1E5E12F55AE38433E7D12B2", "EBDD2B1F198096A88B7AEE32", "B760BC216D91559ACE98BF3C", "7D1F388CB838BA1A86717790", "C6654852DAB7DFFE19A5AF23"); "isa" = "PBXGroup"; "path" = "Views"; "sourceTree" = "<group>"; }; "ACC80EBFDBCD43458062DD82" = { "buildActionMask" = "2147483647"; "files" = ("DE7B87822D14BFF9CC323AAA", "5929C487F40753E1F9411ED7", "FC2D33B76BB0622A159F1AC1", "FFA6711AC1E6AD1D22F02D0A", "666F849E4408004C1C197EBD", "4DF7FAF292DEF504991BF41C"); "isa" = "PBXResourcesBuildPhase"; "runOnlyForDeploymentPostprocessing" = "0"; }; "AD14F4136B522855CCB4D52D" = { "children" = ("1F365B9413769A12CA29F9C0", "E311CCDE2DB045A6AFACB395", "598EAC57BA57FBD51894CA42", "A28E71D17BBFE24DB975B047", "249597931E40015734D3BE31", "9CE4F65F22B03C763679F714", "47C5ED5BBDD1499900285511", "96121644C8AEED39305EB2B2"); "isa" = "PBXGroup"; "path" = "Canvas"; "sourceTree" = "<group>"; }; "B0447B17C4D58D71D1B70E77" = { "isa" = "PBXFileReference"; "lastKnownFileType" = "sourcecode.swift"; "path" = "PDFImportReader.swift"; "sourceTree" = "<group>"; }; "B28B7AF69320201D1CF206EB" = { "children" = ("0B22DB56782FD072F6DE2968", "FBDC4F23F93125BBEEAE800C", "65526015AB17FE22D2AECCFA"); "isa" = "PBXGroup"; "sourceTree" = "<group>"; }; "B2AB1F1BB67621E83900B41E" = { "isa" = "PBXFileReference"; "lastKnownFileType" = "sourcecode.swift"; "path" = "MarginChatRepository.swift"; "sourceTree" = "<group>"; }; "B37B4FD675AE0377545CBE34" = { "isa" = "PBXFileReference"; "lastKnownFileType" = "sourcecode.swift"; "path" = "ChatGPTWebContext.swift"; "sourceTree" = "<group>"; }; "B4F9001FEF5406956D64F3DB" = { "children" = ("D5D9E15FD17A0DD17B1DD8AF", "EC017726E78BBBE52B735012"); "isa" = "PBXVariantGroup"; "name" = "Localizable.strings"; "sourceTree" = "<group>"; }; "B69E8AACB1E71696E1537ADB" = { "fileRef" = "F1E5E12F55AE38433E7D12B2"; "isa" = "PBXBuildFile"; }; "B75C1C288DCE60593F326CF5" = { "fileRef" = "BE1944AF5BCECD1C2C92469C"; "isa" = "PBXBuildFile"; }; "B760BC216D91559ACE98BF3C" = { "isa" = "PBXFileReference"; "lastKnownFileType" = "sourcecode.swift"; "path" = "ObjectManagerView.swift"; "sourceTree" = "<group>"; }; "B83800FF1B3ACA099D28C20B" = { "isa" = "PBXFileReference"; "lastKnownFileType" = "sourcecode.swift"; "path" = "ChatGPTPlanConnection.swift"; "sourceTree" = "<group>"; }; "BB92EC0EE3D1E497335308A5" = { "fileRef" = "9128DE2CF0BD2B19DE336D18"; "isa" = "PBXBuildFile"; }; "BCE16DD0260827ECF338C787" = { "buildActionMask" = "2147483647"; "files" = ("A20B30F7D9C0DC582D81EADD", "BEB3FB67E91F7C1E7C2DF70A", "6A4CB4EF86152D04BBA77D72", "4F8FE9B42141ACFAF57CCBB7", "4C9BE628EB3E825628B29F55", "119C84546088373DFB0804B6", "90F23C0190BDED5FF91A9A21", "081A56EFCEE36FDEEC8415D3", "54DB32CCE342ED97AD7A7A70", "EEDA6807FFB260EF086DB498", "66A573794989EABC572A22C5", "2041011BA78D01775BDF9FC0", "E5B0991C1D7749974DC81ABF", "E78E8488A63CF2FB3616C703", "511F2324F56410974365BBFA", "683B7BCD68FF4560514EC73F", "906136F67151F6B6DB482507", "9B1E5CC902B74753C62C935F", "7C745DDB83FB168516E01251", "402DDAB4F7F4C531A9D555F3", "BF08160FCC5E6A1388C53AB8", "F4D148E2F7AC6BE10A0B7CF4", "5261D4E63E51D589AE847E08", "14529F8B94E2BB18FACC75CC", "BF91083200B0156839CBB8B6", "BB92EC0EE3D1E497335308A5", "4B85E065128685D90D439CE9", "631B9A6836D3A07C45EF46E4", "6E75E984F4BD8D2C1581095B", "E9E173BC569F714F46E86974", "6A84E3707F37A92DD9F7075D", "75916C2BDD21ACFCF82A0902", "C6DBE95D5F55133001B38AE9", "50230CC4CD35FED38197433B", "6F528C3821CBC8A4C76ADEDD", "BCFEEBE3409F7C685B1FB1E3", "A429D5DDEEF0254725910669", "24099D9192EBEC17779DD830"); "isa" = "PBXSourcesBuildPhase"; "runOnlyForDeploymentPostprocessing" = "0"; }; "BCFEEBE3409F7C685B1FB1E3" = { "fileRef" = "9CE4F65F22B03C763679F714"; "isa" = "PBXBuildFile"; }; "BD19B7F6BDEE18B73AB10AEF" = { "fileRef" = "A28E71D17BBFE24DB975B047"; "isa" = "PBXBuildFile"; }; "BE1944AF5BCECD1C2C92469C" = { "isa" = "PBXFileReference"; "lastKnownFileType" = "sourcecode.swift"; "path" = "EditorView.swift"; "sourceTree" = "<group>"; }; "BEB3FB67E91F7C1E7C2DF70A" = { "fileRef" = "F8F881C1B88DDF6C12DD987B"; "isa" = "PBXBuildFile"; }; "BEDF70E3EF644ED7DAB49AA4" = { "fileRef" = "9CE4F65F22B03C763679F714"; "isa" = "PBXBuildFile"; }; "BF08160FCC5E6A1388C53AB8" = { "fileRef" = "C2D4113429D570ADB7019179"; "isa" = "PBXBuildFile"; }; "BF91083200B0156839CBB8B6" = { "fileRef" = "E318480E42709E2179F2F53E"; "isa" = "PBXBuildFile"; }; "C23E857438F5FA9E08932E4C" = { "fileRef" = "F8F881C1B88DDF6C12DD987B"; "isa" = "PBXBuildFile"; }; "C2D4113429D570ADB7019179" = { "isa" = "PBXFileReference"; "lastKnownFileType" = "sourcecode.swift"; "path" = "MarginAIStore.swift"; "sourceTree" = "<group>"; }; "C3BF3ED67D50CC0123853681" = { "explicitFileType" = "wrapper.application"; "includeInIndex" = "0"; "isa" = "PBXFileReference"; "path" = "NoteMarginPersonal.app"; "sourceTree" = "BUILT_PRODUCTS_DIR"; }; "C57128001CE614BF8549D6BB" = { "buildConfigurations" = ("7082CC0B6FC1282FCEABD07A", "639A7CA24D39909E713B47F7"); "defaultConfigurationIsVisible" = "0"; "defaultConfigurationName" = "Release"; "isa" = "XCConfigurationList"; }; "C5F8FFF973CABDCD4424A33B" = { "fileRef" = "A5EE8F784FCC35F07D976033"; "isa" = "PBXBuildFile"; }; "C6654852DAB7DFFE19A5AF23" = { "isa" = "PBXFileReference"; "lastKnownFileType" = "sourcecode.swift"; "path" = "PDFImportSourceView.swift"; "sourceTree" = "<group>"; }; "C67D6321B09624CE3176C326" = { "fileRef" = "0705440043E4D8A4E8E1F5BC"; "isa" = "PBXBuildFile"; }; "C6DBE95D5F55133001B38AE9" = { "fileRef" = "C6654852DAB7DFFE19A5AF23"; "isa" = "PBXBuildFile"; }; "CCB8D576FF028A600D4C88DE" = { "fileRef" = "36A2033CFF438FEB49072AFD"; "isa" = "PBXBuildFile"; }; "CE4F440C4C1A80C15970E766" = { "fileRef" = "B0447B17C4D58D71D1B70E77"; "isa" = "PBXBuildFile"; }; "D4D55852FDF639E594091B43" = { "isa" = "PBXFileReference"; "lastKnownFileType" = "text.plist.strings"; "name" = "en"; "path" = "en.lproj/InfoPlist.strings"; "sourceTree" = "<group>"; }; "D5311F58F783ECE227DDF64C" = { "isa" = "PBXFileReference"; "lastKnownFileType" = "sourcecode.swift"; "path" = "ChatGPTPlanTransport.swift"; "sourceTree" = "<group>"; }; "D5D9E15FD17A0DD17B1DD8AF" = { "isa" = "PBXFileReference"; "lastKnownFileType" = "text.plist.strings"; "name" = "en"; "path" = "en.lproj/Localizable.strings"; "sourceTree" = "<group>"; }; "DC07FD6C0E054F0A51FE46F7" = { "fileRef" = "622BBF650B481D0F21022A53"; "isa" = "PBXBuildFile"; }; "DC42EDCB417B3FF8AC6A5790" = { "isa" = "PBXFileReference"; "lastKnownFileType" = "folder.assetcatalog"; "path" = "Assets.xcassets"; "sourceTree" = "<group>"; }; "DE5AE3C6E5F6096573B5ED32" = { "fileRef" = "476F4EE0CE9A753046306E46"; "isa" = "PBXBuildFile"; }; "DE7B87822D14BFF9CC323AAA" = { "fileRef" = "DC42EDCB417B3FF8AC6A5790"; "isa" = "PBXBuildFile"; }; "E082C400B8849826443D83B3" = { "fileRef" = "96121644C8AEED39305EB2B2"; "isa" = "PBXBuildFile"; }; "E311CCDE2DB045A6AFACB395" = { "isa" = "PBXFileReference"; "lastKnownFileType" = "sourcecode.swift"; "path" = "NotebookCanvas.swift"; "sourceTree" = "<group>"; }; "E318480E42709E2179F2F53E" = { "isa" = "PBXFileReference"; "lastKnownFileType" = "sourcecode.swift"; "path" = "ConversationMemoryView.swift"; "sourceTree" = "<group>"; }; "E32827CCEA5CEE00CD80A07C" = { "isa" = "PBXFileReference"; "lastKnownFileType" = "text.plist.strings"; "name" = "ko"; "path" = "ko.lproj/InfoPlist.strings"; "sourceTree" = "<group>"; }; "E37149D01F3F78D9BECA56D1" = { "isa" = "PBXFileReference"; "lastKnownFileType" = "sourcecode.swift"; "path" = "AppIdentity.swift"; "sourceTree" = "<group>"; }; "E5B0991C1D7749974DC81ABF" = { "fileRef" = "B2AB1F1BB67621E83900B41E"; "isa" = "PBXBuildFile"; }; "E6DE6C99132752C914FEF632" = { "buildSettings" = { "CLANG_ANALYZER_LOCALIZABILITY_NONLOCALIZED" = "YES"; "CLANG_ENABLE_MODULES" = "YES"; "CLANG_ENABLE_OBJC_ARC" = "YES"; "CLANG_WARN_BLOCK_CAPTURE_AUTORELEASING" = "YES"; "CLANG_WARN_BOOL_CONVERSION" = "YES"; "CLANG_WARN_COMMA" = "YES"; "CLANG_WARN_CONSTANT_CONVERSION" = "YES"; "CLANG_WARN_DEPRECATED_OBJC_IMPLEMENTATIONS" = "YES"; "CLANG_WARN_EMPTY_BODY" = "YES"; "CLANG_WARN_ENUM_CONVERSION" = "YES"; "CLANG_WARN_INFINITE_RECURSION" = "YES"; "CLANG_WARN_INT_CONVERSION" = "YES"; "CLANG_WARN_NON_LITERAL_NULL_CONVERSION" = "YES"; "CLANG_WARN_OBJC_IMPLICIT_RETAIN_SELF" = "YES"; "CLANG_WARN_OBJC_LITERAL_CONVERSION" = "YES"; "CLANG_WARN_QUOTED_INCLUDE_IN_FRAMEWORK_HEADER" = "YES"; "CLANG_WARN_RANGE_LOOP_ANALYSIS" = "YES"; "CLANG_WARN_STRICT_PROTOTYPES" = "YES"; "CLANG_WARN_SUSPICIOUS_MOVE" = "YES"; "CLANG_WARN_UNREACHABLE_CODE" = "YES"; "CLANG_WARN__DUPLICATE_METHOD_MATCH" = "YES"; "DEBUG_INFORMATION_FORMAT" = "dwarf-with-dsym"; "DEVELOPMENT_TEAM" = "782Z86BZ7D"; "ENABLE_STRICT_OBJC_MSGSEND" = "YES"; "ENABLE_USER_SCRIPT_SANDBOXING" = "YES"; "GCC_NO_COMMON_BLOCKS" = "YES"; "GCC_WARN_64_TO_32_BIT_CONVERSION" = "YES"; "GCC_WARN_ABOUT_RETURN_TYPE" = "YES"; "GCC_WARN_UNDECLARED_SELECTOR" = "YES"; "GCC_WARN_UNINITIALIZED_AUTOS" = "YES"; "GCC_WARN_UNUSED_FUNCTION" = "YES"; "GCC_WARN_UNUSED_VARIABLE" = "YES"; "IPHONEOS_DEPLOYMENT_TARGET" = "17.0"; "SDKROOT" = "iphoneos"; "STRING_CATALOG_GENERATE_SYMBOLS" = "YES"; "SWIFT_COMPILATION_MODE" = "wholemodule"; "SWIFT_OPTIMIZATION_LEVEL" = "-O"; "SWIFT_STRICT_CONCURRENCY" = "targeted"; "SWIFT_VERSION" = "5.0"; }; "isa" = "XCBuildConfiguration"; "name" = "Release"; }; "E6FCC96875DCC318D37C25BC" = { "buildConfigurations" = ("FD348036C6EE7DBA28EEFEA0", "8DF67D5F134A30A38A900DEC"); "defaultConfigurationIsVisible" = "0"; "defaultConfigurationName" = "Release"; "isa" = "XCConfigurationList"; }; "E73776B5BAF9EBDADF811803" = { "fileRef" = "B4F9001FEF5406956D64F3DB"; "isa" = "PBXBuildFile"; }; "E78E8488A63CF2FB3616C703" = { "fileRef" = "7C37064D374C76C1096B3271"; "isa" = "PBXBuildFile"; }; "E9E173BC569F714F46E86974" = { "fileRef" = "B760BC216D91559ACE98BF3C"; "isa" = "PBXBuildFile"; }; "EBDD2B1F198096A88B7AEE32" = { "isa" = "PBXFileReference"; "lastKnownFileType" = "sourcecode.swift"; "path" = "MathAnswerView.swift"; "sourceTree" = "<group>"; }; "EC017726E78BBBE52B735012" = { "isa" = "PBXFileReference"; "lastKnownFileType" = "text.plist.strings"; "name" = "ko"; "path" = "ko.lproj/Localizable.strings"; "sourceTree" = "<group>"; }; "EE27C7445F418FC841FB4470" = { "children" = ("168BE70F36BD5047078439EE", "F8F881C1B88DDF6C12DD987B"); "isa" = "PBXGroup"; "path" = "App"; "sourceTree" = "<group>"; }; "EEC4B88BFEFE59BEA82C9588" = { "fileRef" = "B760BC216D91559ACE98BF3C"; "isa" = "PBXBuildFile"; }; "EEDA6807FFB260EF086DB498" = { "fileRef" = "B37B4FD675AE0377545CBE34"; "isa" = "PBXBuildFile"; }; "F1E5E12F55AE38433E7D12B2" = { "isa" = "PBXFileReference"; "lastKnownFileType" = "sourcecode.swift"; "path" = "LibraryView.swift"; "sourceTree" = "<group>"; }; "F4D148E2F7AC6BE10A0B7CF4" = { "fileRef" = "4AF4BAA56F2E985295A8FB70"; "isa" = "PBXBuildFile"; }; "F8F881C1B88DDF6C12DD987B" = { "isa" = "PBXFileReference"; "lastKnownFileType" = "sourcecode.swift"; "path" = "NoteStore.swift"; "sourceTree" = "<group>"; }; "FBDC4F23F93125BBEEAE800C" = { "children" = ("38A007151ABE87CC01A5B6E9", "C3BF3ED67D50CC0123853681"); "isa" = "PBXGroup"; "name" = "Products"; "sourceTree" = "<group>"; }; "FC2D33B76BB0622A159F1AC1" = { "fileRef" = "7170956887AAB0A1540AD05F"; "isa" = "PBXBuildFile"; }; "FD348036C6EE7DBA28EEFEA0" = { "buildSettings" = { "ASSETCATALOG_COMPILER_APPICON_NAME" = "AppIcon"; "ASSETCATALOG_COMPILER_GLOBAL_ACCENT_COLOR_NAME" = "AccentColor"; "CODE_SIGN_STYLE" = "Automatic"; "CURRENT_PROJECT_VERSION" = "1"; "DEBUG_INFORMATION_FORMAT" = "dwarf"; "ENABLE_TESTABILITY" = "YES"; "GENERATE_INFOPLIST_FILE" = "NO"; "INFOPLIST_FILE" = "NoteMargin/Info.plist"; "LD_RUNPATH_SEARCH_PATHS" = "$(inherited) @executable_path/Frameworks"; "MARKETING_VERSION" = "1.0.0"; "PRODUCT_BUNDLE_IDENTIFIER" = "com.yeobaek.notes.personal"; "PRODUCT_NAME" = "$(TARGET_NAME)"; "SUPPORTED_PLATFORMS" = "iphoneos iphonesimulator"; "SUPPORTS_MACCATALYST" = "NO"; "SUPPORTS_MAC_DESIGNED_FOR_IPHONE_IPAD" = "NO"; "SWIFT_ACTIVE_COMPILATION_CONDITIONS" = "DEBUG $(inherited)"; "SWIFT_EMIT_LOC_STRINGS" = "YES"; "SWIFT_OPTIMIZATION_LEVEL" = "-Onone"; "TARGETED_DEVICE_FAMILY" = "2"; }; "isa" = "XCBuildConfiguration"; "name" = "Debug"; }; "FFA6711AC1E6AD1D22F02D0A" = { "fileRef" = "B4F9001FEF5406956D64F3DB"; "isa" = "PBXBuildFile"; }; }; "rootObject" = "98F54143AB4E86B28C3AFEE0"; }
