// !$*UTF8*$!
{
 archiveVersion = 1;
 classes = {};
 objectVersion = 56;
 objects = {
  168BE70F36BD5047078439EE = { isa = PBXFileReference; lastKnownFileType = sourcecode.swift; path = "NoteMarginApp.swift"; sourceTree = "<group>"; };
  A20B30F7D9C0DC582D81EADD = { isa = PBXBuildFile; fileRef = 168BE70F36BD5047078439EE; };
  F8F881C1B88DDF6C12DD987B = { isa = PBXFileReference; lastKnownFileType = sourcecode.swift; path = "NoteStore.swift"; sourceTree = "<group>"; };
  BEB3FB67E91F7C1E7C2DF70A = { isa = PBXBuildFile; fileRef = F8F881C1B88DDF6C12DD987B; };
  EE27C7445F418FC841FB4470 = { isa = PBXGroup; children = (168BE70F36BD5047078439EE, F8F881C1B88DDF6C12DD987B); path = "App"; sourceTree = "<group>"; };
  DC42EDCB417B3FF8AC6A5790 = { isa = PBXFileReference; lastKnownFileType = folder.assetcatalog; path = "Assets.xcassets"; sourceTree = "<group>"; };
  9A2E2A220F4F8A125E7AF7A2 = { isa = PBXBuildFile; fileRef = DC42EDCB417B3FF8AC6A5790; };
  1F365B9413769A12CA29F9C0 = { isa = PBXFileReference; lastKnownFileType = sourcecode.swift; path = "DrawingSession.swift"; sourceTree = "<group>"; };
  6A4CB4EF86152D04BBA77D72 = { isa = PBXBuildFile; fileRef = 1F365B9413769A12CA29F9C0; };
  E311CCDE2DB045A6AFACB395 = { isa = PBXFileReference; lastKnownFileType = sourcecode.swift; path = "NotebookCanvas.swift"; sourceTree = "<group>"; };
  4F8FE9B42141ACFAF57CCBB7 = { isa = PBXBuildFile; fileRef = E311CCDE2DB045A6AFACB395; };
  598EAC57BA57FBD51894CA42 = { isa = PBXFileReference; lastKnownFileType = sourcecode.swift; path = "PageRenderer.swift"; sourceTree = "<group>"; };
  4C9BE628EB3E825628B29F55 = { isa = PBXBuildFile; fileRef = 598EAC57BA57FBD51894CA42; };
  AD14F4136B522855CCB4D52D = { isa = PBXGroup; children = (1F365B9413769A12CA29F9C0, E311CCDE2DB045A6AFACB395, 598EAC57BA57FBD51894CA42); path = "Canvas"; sourceTree = "<group>"; };
  E37149D01F3F78D9BECA56D1 = { isa = PBXFileReference; lastKnownFileType = sourcecode.swift; path = "AppIdentity.swift"; sourceTree = "<group>"; };
  90F23C0190BDED5FF91A9A21 = { isa = PBXBuildFile; fileRef = E37149D01F3F78D9BECA56D1; };
  36A2033CFF438FEB49072AFD = { isa = PBXFileReference; lastKnownFileType = sourcecode.swift; path = "LibraryRepository.swift"; sourceTree = "<group>"; };
  2041011BA78D01775BDF9FC0 = { isa = PBXBuildFile; fileRef = 36A2033CFF438FEB49072AFD; };
  7C37064D374C76C1096B3271 = { isa = PBXFileReference; lastKnownFileType = sourcecode.swift; path = "Models.swift"; sourceTree = "<group>"; };
  E78E8488A63CF2FB3616C703 = { isa = PBXBuildFile; fileRef = 7C37064D374C76C1096B3271; };
  53593C6624C916652E152E26 = { isa = PBXGroup; children = (E37149D01F3F78D9BECA56D1, 36A2033CFF438FEB49072AFD, 7C37064D374C76C1096B3271); path = "Core"; sourceTree = "<group>"; };
  413E4818146B7B24CFF17631 = { isa = PBXFileReference; lastKnownFileType = text.plist.xml; path = "Info.plist"; sourceTree = "<group>"; };
  7170956887AAB0A1540AD05F = { isa = PBXFileReference; lastKnownFileType = text.xml; path = "PrivacyInfo.xcprivacy"; sourceTree = "<group>"; };
  45FBE3DD552D08DD8CAFBFD8 = { isa = PBXBuildFile; fileRef = 7170956887AAB0A1540AD05F; };
  A5EE8F784FCC35F07D976033 = { isa = PBXFileReference; lastKnownFileType = sourcecode.swift; path = "ExportService.swift"; sourceTree = "<group>"; };
  402DDAB4F7F4C531A9D555F3 = { isa = PBXBuildFile; fileRef = A5EE8F784FCC35F07D976033; };
  90A2C3B66664FB2559EFADFE = { isa = PBXGroup; children = (A5EE8F784FCC35F07D976033); path = "Services"; sourceTree = "<group>"; };
  9128DE2CF0BD2B19DE336D18 = { isa = PBXFileReference; lastKnownFileType = sourcecode.swift; path = "Design.swift"; sourceTree = "<group>"; };
  BB92EC0EE3D1E497335308A5 = { isa = PBXBuildFile; fileRef = 9128DE2CF0BD2B19DE336D18; };
  BE1944AF5BCECD1C2C92469C = { isa = PBXFileReference; lastKnownFileType = sourcecode.swift; path = "EditorView.swift"; sourceTree = "<group>"; };
  4B85E065128685D90D439CE9 = { isa = PBXBuildFile; fileRef = BE1944AF5BCECD1C2C92469C; };
  F1E5E12F55AE38433E7D12B2 = { isa = PBXFileReference; lastKnownFileType = sourcecode.swift; path = "LibraryView.swift"; sourceTree = "<group>"; };
  631B9A6836D3A07C45EF46E4 = { isa = PBXBuildFile; fileRef = F1E5E12F55AE38433E7D12B2; };
  B760BC216D91559ACE98BF3C = { isa = PBXFileReference; lastKnownFileType = sourcecode.swift; path = "ObjectManagerView.swift"; sourceTree = "<group>"; };
  E9E173BC569F714F46E86974 = { isa = PBXBuildFile; fileRef = B760BC216D91559ACE98BF3C; };
  7D1F388CB838BA1A86717790 = { isa = PBXFileReference; lastKnownFileType = sourcecode.swift; path = "PageManagerView.swift"; sourceTree = "<group>"; };
  6A84E3707F37A92DD9F7075D = { isa = PBXBuildFile; fileRef = 7D1F388CB838BA1A86717790; };
  AB5D463035DF6DA31DCE615B = { isa = PBXGroup; children = (9128DE2CF0BD2B19DE336D18, BE1944AF5BCECD1C2C92469C, F1E5E12F55AE38433E7D12B2, B760BC216D91559ACE98BF3C, 7D1F388CB838BA1A86717790); path = "Views"; sourceTree = "<group>"; };
  42DAF8D564296240CC6221E5 = { isa = PBXFileReference; lastKnownFileType = text.plist.strings; name = "en"; path = "en.lproj/InfoPlist.strings"; sourceTree = "<group>"; };
  A6749001A89E696438390F4F = { isa = PBXFileReference; lastKnownFileType = text.plist.strings; name = "ko"; path = "ko.lproj/InfoPlist.strings"; sourceTree = "<group>"; };
  81C7B96EA3173C0C3B4C8FDC = { isa = PBXVariantGroup; children = (42DAF8D564296240CC6221E5, A6749001A89E696438390F4F); name = "InfoPlist.strings"; sourceTree = "<group>"; };
  0BAE2A324D27E3E5059F614D = { isa = PBXBuildFile; fileRef = 81C7B96EA3173C0C3B4C8FDC; };
  D5D9E15FD17A0DD17B1DD8AF = { isa = PBXFileReference; lastKnownFileType = text.plist.strings; name = "en"; path = "en.lproj/Localizable.strings"; sourceTree = "<group>"; };
  EC017726E78BBBE52B735012 = { isa = PBXFileReference; lastKnownFileType = text.plist.strings; name = "ko"; path = "ko.lproj/Localizable.strings"; sourceTree = "<group>"; };
  B4F9001FEF5406956D64F3DB = { isa = PBXVariantGroup; children = (D5D9E15FD17A0DD17B1DD8AF, EC017726E78BBBE52B735012); name = "Localizable.strings"; sourceTree = "<group>"; };
  E73776B5BAF9EBDADF811803 = { isa = PBXBuildFile; fileRef = B4F9001FEF5406956D64F3DB; };
  0B22DB56782FD072F6DE2968 = { isa = PBXGroup; children = (EE27C7445F418FC841FB4470, DC42EDCB417B3FF8AC6A5790, AD14F4136B522855CCB4D52D, 53593C6624C916652E152E26, 413E4818146B7B24CFF17631, 7170956887AAB0A1540AD05F, 90A2C3B66664FB2559EFADFE, AB5D463035DF6DA31DCE615B, 81C7B96EA3173C0C3B4C8FDC, B4F9001FEF5406956D64F3DB); path = "NoteMargin"; sourceTree = "<group>"; };
  38A007151ABE87CC01A5B6E9 = { isa = PBXFileReference; explicitFileType = wrapper.application; includeInIndex = 0; path = NoteMargin.app; sourceTree = BUILT_PRODUCTS_DIR; };
  FBDC4F23F93125BBEEAE800C = { isa = PBXGroup; children = (38A007151ABE87CC01A5B6E9); name = Products; sourceTree = "<group>"; };
  B28B7AF69320201D1CF206EB = { isa = PBXGroup; children = (0B22DB56782FD072F6DE2968, FBDC4F23F93125BBEEAE800C); sourceTree = "<group>"; };
  BCE16DD0260827ECF338C787 = { isa = PBXSourcesBuildPhase; buildActionMask = 2147483647; files = (A20B30F7D9C0DC582D81EADD, BEB3FB67E91F7C1E7C2DF70A, 6A4CB4EF86152D04BBA77D72, 4F8FE9B42141ACFAF57CCBB7, 4C9BE628EB3E825628B29F55, 90F23C0190BDED5FF91A9A21, 2041011BA78D01775BDF9FC0, E78E8488A63CF2FB3616C703, 402DDAB4F7F4C531A9D555F3, BB92EC0EE3D1E497335308A5, 4B85E065128685D90D439CE9, 631B9A6836D3A07C45EF46E4, E9E173BC569F714F46E86974, 6A84E3707F37A92DD9F7075D); runOnlyForDeploymentPostprocessing = 0; };
  0189424A5A60FED329FA868E = { isa = PBXResourcesBuildPhase; buildActionMask = 2147483647; files = (9A2E2A220F4F8A125E7AF7A2, 45FBE3DD552D08DD8CAFBFD8, 0BAE2A324D27E3E5059F614D, E73776B5BAF9EBDADF811803); runOnlyForDeploymentPostprocessing = 0; };
  7561BFB015D8F536760CB671 = { isa = PBXFrameworksBuildPhase; buildActionMask = 2147483647; files = (); runOnlyForDeploymentPostprocessing = 0; };
  89E1FD6268CC0F221A2BE178 = { isa = XCBuildConfiguration; buildSettings = { CLANG_ENABLE_MODULES = "YES"; CLANG_ENABLE_OBJC_ARC = "YES"; SDKROOT = "iphoneos"; IPHONEOS_DEPLOYMENT_TARGET = "17.0"; SWIFT_VERSION = "5.0"; SWIFT_STRICT_CONCURRENCY = "targeted"; SWIFT_OPTIMIZATION_LEVEL = "-Onone"; DEBUG_INFORMATION_FORMAT = "dwarf"; SWIFT_ACTIVE_COMPILATION_CONDITIONS = "DEBUG $(inherited)"; ENABLE_TESTABILITY = "YES"; }; name = Debug; };
  E6DE6C99132752C914FEF632 = { isa = XCBuildConfiguration; buildSettings = { CLANG_ENABLE_MODULES = "YES"; CLANG_ENABLE_OBJC_ARC = "YES"; SDKROOT = "iphoneos"; IPHONEOS_DEPLOYMENT_TARGET = "17.0"; SWIFT_VERSION = "5.0"; SWIFT_STRICT_CONCURRENCY = "targeted"; SWIFT_OPTIMIZATION_LEVEL = "-O"; DEBUG_INFORMATION_FORMAT = "dwarf-with-dsym"; }; name = Release; };
  862894B703A6DEDF96A9DD6C = { isa = XCConfigurationList; buildConfigurations = (89E1FD6268CC0F221A2BE178, E6DE6C99132752C914FEF632); defaultConfigurationIsVisible = 0; defaultConfigurationName = Release; };
  7082CC0B6FC1282FCEABD07A = { isa = XCBuildConfiguration; buildSettings = { PRODUCT_NAME = "$(TARGET_NAME)"; PRODUCT_BUNDLE_IDENTIFIER = "com.yeobaek.notes"; INFOPLIST_FILE = "NoteMargin/Info.plist"; GENERATE_INFOPLIST_FILE = "NO"; CODE_SIGN_STYLE = "Automatic"; CURRENT_PROJECT_VERSION = "1"; MARKETING_VERSION = "1.0.0"; TARGETED_DEVICE_FAMILY = "2"; SUPPORTED_PLATFORMS = "iphoneos iphonesimulator"; SUPPORTS_MACCATALYST = "NO"; SUPPORTS_MAC_DESIGNED_FOR_IPHONE_IPAD = "NO"; ASSETCATALOG_COMPILER_APPICON_NAME = "AppIcon"; ASSETCATALOG_COMPILER_GLOBAL_ACCENT_COLOR_NAME = "AccentColor"; LD_RUNPATH_SEARCH_PATHS = "$(inherited) @executable_path/Frameworks"; SWIFT_EMIT_LOC_STRINGS = "YES"; SWIFT_OPTIMIZATION_LEVEL = "-Onone"; DEBUG_INFORMATION_FORMAT = "dwarf"; SWIFT_ACTIVE_COMPILATION_CONDITIONS = "DEBUG $(inherited)"; ENABLE_TESTABILITY = "YES"; }; name = Debug; };
  639A7CA24D39909E713B47F7 = { isa = XCBuildConfiguration; buildSettings = { PRODUCT_NAME = "$(TARGET_NAME)"; PRODUCT_BUNDLE_IDENTIFIER = "com.yeobaek.notes"; INFOPLIST_FILE = "NoteMargin/Info.plist"; GENERATE_INFOPLIST_FILE = "NO"; CODE_SIGN_STYLE = "Automatic"; CURRENT_PROJECT_VERSION = "1"; MARKETING_VERSION = "1.0.0"; TARGETED_DEVICE_FAMILY = "2"; SUPPORTED_PLATFORMS = "iphoneos iphonesimulator"; SUPPORTS_MACCATALYST = "NO"; SUPPORTS_MAC_DESIGNED_FOR_IPHONE_IPAD = "NO"; ASSETCATALOG_COMPILER_APPICON_NAME = "AppIcon"; ASSETCATALOG_COMPILER_GLOBAL_ACCENT_COLOR_NAME = "AccentColor"; LD_RUNPATH_SEARCH_PATHS = "$(inherited) @executable_path/Frameworks"; SWIFT_EMIT_LOC_STRINGS = "YES"; SWIFT_OPTIMIZATION_LEVEL = "-O"; DEBUG_INFORMATION_FORMAT = "dwarf-with-dsym"; }; name = Release; };
  C57128001CE614BF8549D6BB = { isa = XCConfigurationList; buildConfigurations = (7082CC0B6FC1282FCEABD07A, 639A7CA24D39909E713B47F7); defaultConfigurationIsVisible = 0; defaultConfigurationName = Release; };
  0E8A3AD980EC179856012B7E = { isa = PBXNativeTarget; buildConfigurationList = C57128001CE614BF8549D6BB; buildPhases = (BCE16DD0260827ECF338C787, 7561BFB015D8F536760CB671, 0189424A5A60FED329FA868E); buildRules = (); dependencies = (); name = NoteMargin; productName = NoteMargin; productReference = 38A007151ABE87CC01A5B6E9; productType = "com.apple.product-type.application"; };
  98F54143AB4E86B28C3AFEE0 = { isa = PBXProject; attributes = { BuildIndependentTargetsInParallel = YES; LastSwiftUpdateCheck = 1600; LastUpgradeCheck = 1600; TargetAttributes = { 0E8A3AD980EC179856012B7E = { CreatedOnToolsVersion = 16.0; }; }; }; buildConfigurationList = 862894B703A6DEDF96A9DD6C; compatibilityVersion = "Xcode 14.0"; developmentRegion = ko; hasScannedForEncodings = 0; knownRegions = (ko, en, Base); mainGroup = B28B7AF69320201D1CF206EB; productRefGroup = FBDC4F23F93125BBEEAE800C; projectDirPath = ""; projectRoot = ""; targets = (0E8A3AD980EC179856012B7E); };
 };
 rootObject = 98F54143AB4E86B28C3AFEE0;
}
