// !$*UTF8*$!
{
 archiveVersion = 1;
 classes = {};
 objectVersion = 56;
 objects = {
  AF13A289F9E09A514ABBB261 = { isa = PBXFileReference; lastKnownFileType = sourcecode.swift; path = "NoteStore.swift"; sourceTree = "<group>"; };
  5E1D39DE82874976113F80C1 = { isa = PBXBuildFile; fileRef = AF13A289F9E09A514ABBB261; };
  AA7778683FD76AE1BED64CD8 = { isa = PBXFileReference; lastKnownFileType = sourcecode.swift; path = "YeobaekApp.swift"; sourceTree = "<group>"; };
  87DBA02536AADAB1E868E3D9 = { isa = PBXBuildFile; fileRef = AA7778683FD76AE1BED64CD8; };
  0038031ECF70FC1EF4965CC4 = { isa = PBXGroup; children = (AF13A289F9E09A514ABBB261, AA7778683FD76AE1BED64CD8); path = "App"; sourceTree = "<group>"; };
  CCEFF2D88C2B62581454F60F = { isa = PBXFileReference; lastKnownFileType = folder.assetcatalog; path = "Assets.xcassets"; sourceTree = "<group>"; };
  7C5A9DFFBA7B0BEDC5B45B55 = { isa = PBXBuildFile; fileRef = CCEFF2D88C2B62581454F60F; };
  5A0DCE4BDC5DC0A5392A7B95 = { isa = PBXFileReference; lastKnownFileType = sourcecode.swift; path = "DrawingSession.swift"; sourceTree = "<group>"; };
  1476B88A01F18E35CED6C249 = { isa = PBXBuildFile; fileRef = 5A0DCE4BDC5DC0A5392A7B95; };
  808CBE2444198E58804C4E21 = { isa = PBXFileReference; lastKnownFileType = sourcecode.swift; path = "NotebookCanvas.swift"; sourceTree = "<group>"; };
  DF117642B615E2742206033A = { isa = PBXBuildFile; fileRef = 808CBE2444198E58804C4E21; };
  FE3A7D68529BC3D40AE3882C = { isa = PBXFileReference; lastKnownFileType = sourcecode.swift; path = "PageRenderer.swift"; sourceTree = "<group>"; };
  7D3C5BF1244E029F07186EEF = { isa = PBXBuildFile; fileRef = FE3A7D68529BC3D40AE3882C; };
  7BF9302B62953FA4347A7D91 = { isa = PBXGroup; children = (5A0DCE4BDC5DC0A5392A7B95, 808CBE2444198E58804C4E21, FE3A7D68529BC3D40AE3882C); path = "Canvas"; sourceTree = "<group>"; };
  BE4427AB68B6CF6F73417A7F = { isa = PBXFileReference; lastKnownFileType = sourcecode.swift; path = "LibraryRepository.swift"; sourceTree = "<group>"; };
  DD60BB1AF5E286D60283EADF = { isa = PBXBuildFile; fileRef = BE4427AB68B6CF6F73417A7F; };
  CC45289B4A5C6828DA7F23C4 = { isa = PBXFileReference; lastKnownFileType = sourcecode.swift; path = "Models.swift"; sourceTree = "<group>"; };
  E789874A85AB6FF8688BEDA9 = { isa = PBXBuildFile; fileRef = CC45289B4A5C6828DA7F23C4; };
  7C3DEA0759437A85BB5EDD9F = { isa = PBXGroup; children = (BE4427AB68B6CF6F73417A7F, CC45289B4A5C6828DA7F23C4); path = "Core"; sourceTree = "<group>"; };
  D31B3AA9CCFA283059D9C18E = { isa = PBXFileReference; lastKnownFileType = text.plist.xml; path = "Info.plist"; sourceTree = "<group>"; };
  254C6E805BE40601E49E347A = { isa = PBXFileReference; lastKnownFileType = text.xml; path = "PrivacyInfo.xcprivacy"; sourceTree = "<group>"; };
  7C884250030B13647749517F = { isa = PBXBuildFile; fileRef = 254C6E805BE40601E49E347A; };
  F2A7FF7637FAB871192722DA = { isa = PBXFileReference; lastKnownFileType = sourcecode.swift; path = "ExportService.swift"; sourceTree = "<group>"; };
  210AA12DDB8D2A32532A7D51 = { isa = PBXBuildFile; fileRef = F2A7FF7637FAB871192722DA; };
  5F7DF106A4762F3BA12BF237 = { isa = PBXGroup; children = (F2A7FF7637FAB871192722DA); path = "Services"; sourceTree = "<group>"; };
  72A110A8402826DD2A86A92E = { isa = PBXFileReference; lastKnownFileType = sourcecode.swift; path = "Design.swift"; sourceTree = "<group>"; };
  96AC0B36C5DB580818C2CE4C = { isa = PBXBuildFile; fileRef = 72A110A8402826DD2A86A92E; };
  E958F4B98E182FD001FEDB7E = { isa = PBXFileReference; lastKnownFileType = sourcecode.swift; path = "EditorView.swift"; sourceTree = "<group>"; };
  BE30C7D9E759B6FD78D506C6 = { isa = PBXBuildFile; fileRef = E958F4B98E182FD001FEDB7E; };
  97C8FBA29AE9A58BB167DD1D = { isa = PBXFileReference; lastKnownFileType = sourcecode.swift; path = "LibraryView.swift"; sourceTree = "<group>"; };
  5DE7EC71DC211D7CD31D653B = { isa = PBXBuildFile; fileRef = 97C8FBA29AE9A58BB167DD1D; };
  FE4C3DE8FFCBB862B07E5F54 = { isa = PBXFileReference; lastKnownFileType = sourcecode.swift; path = "ObjectManagerView.swift"; sourceTree = "<group>"; };
  48C8F0FDF79A716A673D60A2 = { isa = PBXBuildFile; fileRef = FE4C3DE8FFCBB862B07E5F54; };
  4FF76AF8FC40F319DDF6CB5F = { isa = PBXFileReference; lastKnownFileType = sourcecode.swift; path = "PageManagerView.swift"; sourceTree = "<group>"; };
  B0F2CCB626D1C8798EE75312 = { isa = PBXBuildFile; fileRef = 4FF76AF8FC40F319DDF6CB5F; };
  4475091FC75C40840E48A492 = { isa = PBXGroup; children = (72A110A8402826DD2A86A92E, E958F4B98E182FD001FEDB7E, 97C8FBA29AE9A58BB167DD1D, FE4C3DE8FFCBB862B07E5F54, 4FF76AF8FC40F319DDF6CB5F); path = "Views"; sourceTree = "<group>"; };
  927BDBE88C324430B54C76A4 = { isa = PBXGroup; children = (0038031ECF70FC1EF4965CC4, CCEFF2D88C2B62581454F60F, 7BF9302B62953FA4347A7D91, 7C3DEA0759437A85BB5EDD9F, D31B3AA9CCFA283059D9C18E, 254C6E805BE40601E49E347A, 5F7DF106A4762F3BA12BF237, 4475091FC75C40840E48A492); path = "Yeobaek"; sourceTree = "<group>"; };
  38A007151ABE87CC01A5B6E9 = { isa = PBXFileReference; explicitFileType = wrapper.application; includeInIndex = 0; path = Yeobaek.app; sourceTree = BUILT_PRODUCTS_DIR; };
  FBDC4F23F93125BBEEAE800C = { isa = PBXGroup; children = (38A007151ABE87CC01A5B6E9); name = Products; sourceTree = "<group>"; };
  B28B7AF69320201D1CF206EB = { isa = PBXGroup; children = (927BDBE88C324430B54C76A4, FBDC4F23F93125BBEEAE800C); sourceTree = "<group>"; };
  BCE16DD0260827ECF338C787 = { isa = PBXSourcesBuildPhase; buildActionMask = 2147483647; files = (5E1D39DE82874976113F80C1, 87DBA02536AADAB1E868E3D9, 1476B88A01F18E35CED6C249, DF117642B615E2742206033A, 7D3C5BF1244E029F07186EEF, DD60BB1AF5E286D60283EADF, E789874A85AB6FF8688BEDA9, 210AA12DDB8D2A32532A7D51, 96AC0B36C5DB580818C2CE4C, BE30C7D9E759B6FD78D506C6, 5DE7EC71DC211D7CD31D653B, 48C8F0FDF79A716A673D60A2, B0F2CCB626D1C8798EE75312); runOnlyForDeploymentPostprocessing = 0; };
  0189424A5A60FED329FA868E = { isa = PBXResourcesBuildPhase; buildActionMask = 2147483647; files = (7C5A9DFFBA7B0BEDC5B45B55, 7C884250030B13647749517F); runOnlyForDeploymentPostprocessing = 0; };
  7561BFB015D8F536760CB671 = { isa = PBXFrameworksBuildPhase; buildActionMask = 2147483647; files = (); runOnlyForDeploymentPostprocessing = 0; };
  89E1FD6268CC0F221A2BE178 = { isa = XCBuildConfiguration; buildSettings = { CLANG_ENABLE_MODULES = "YES"; CLANG_ENABLE_OBJC_ARC = "YES"; SDKROOT = "iphoneos"; IPHONEOS_DEPLOYMENT_TARGET = "17.0"; SWIFT_VERSION = "5.0"; SWIFT_STRICT_CONCURRENCY = "targeted"; SWIFT_OPTIMIZATION_LEVEL = "-Onone"; DEBUG_INFORMATION_FORMAT = "dwarf"; SWIFT_ACTIVE_COMPILATION_CONDITIONS = "DEBUG $(inherited)"; ENABLE_TESTABILITY = "YES"; }; name = Debug; };
  E6DE6C99132752C914FEF632 = { isa = XCBuildConfiguration; buildSettings = { CLANG_ENABLE_MODULES = "YES"; CLANG_ENABLE_OBJC_ARC = "YES"; SDKROOT = "iphoneos"; IPHONEOS_DEPLOYMENT_TARGET = "17.0"; SWIFT_VERSION = "5.0"; SWIFT_STRICT_CONCURRENCY = "targeted"; SWIFT_OPTIMIZATION_LEVEL = "-O"; DEBUG_INFORMATION_FORMAT = "dwarf-with-dsym"; }; name = Release; };
  862894B703A6DEDF96A9DD6C = { isa = XCConfigurationList; buildConfigurations = (89E1FD6268CC0F221A2BE178, E6DE6C99132752C914FEF632); defaultConfigurationIsVisible = 0; defaultConfigurationName = Release; };
  7082CC0B6FC1282FCEABD07A = { isa = XCBuildConfiguration; buildSettings = { PRODUCT_NAME = "$(TARGET_NAME)"; PRODUCT_BUNDLE_IDENTIFIER = "com.yeobaek.notes"; INFOPLIST_FILE = "Yeobaek/Info.plist"; GENERATE_INFOPLIST_FILE = "NO"; CODE_SIGN_STYLE = "Automatic"; CURRENT_PROJECT_VERSION = "1"; MARKETING_VERSION = "1.0.0"; TARGETED_DEVICE_FAMILY = "2"; SUPPORTED_PLATFORMS = "iphoneos iphonesimulator"; SUPPORTS_MACCATALYST = "NO"; SUPPORTS_MAC_DESIGNED_FOR_IPHONE_IPAD = "NO"; ASSETCATALOG_COMPILER_APPICON_NAME = "AppIcon"; ASSETCATALOG_COMPILER_GLOBAL_ACCENT_COLOR_NAME = "AccentColor"; LD_RUNPATH_SEARCH_PATHS = "$(inherited) @executable_path/Frameworks"; SWIFT_EMIT_LOC_STRINGS = "YES"; SWIFT_OPTIMIZATION_LEVEL = "-Onone"; DEBUG_INFORMATION_FORMAT = "dwarf"; SWIFT_ACTIVE_COMPILATION_CONDITIONS = "DEBUG $(inherited)"; ENABLE_TESTABILITY = "YES"; }; name = Debug; };
  639A7CA24D39909E713B47F7 = { isa = XCBuildConfiguration; buildSettings = { PRODUCT_NAME = "$(TARGET_NAME)"; PRODUCT_BUNDLE_IDENTIFIER = "com.yeobaek.notes"; INFOPLIST_FILE = "Yeobaek/Info.plist"; GENERATE_INFOPLIST_FILE = "NO"; CODE_SIGN_STYLE = "Automatic"; CURRENT_PROJECT_VERSION = "1"; MARKETING_VERSION = "1.0.0"; TARGETED_DEVICE_FAMILY = "2"; SUPPORTED_PLATFORMS = "iphoneos iphonesimulator"; SUPPORTS_MACCATALYST = "NO"; SUPPORTS_MAC_DESIGNED_FOR_IPHONE_IPAD = "NO"; ASSETCATALOG_COMPILER_APPICON_NAME = "AppIcon"; ASSETCATALOG_COMPILER_GLOBAL_ACCENT_COLOR_NAME = "AccentColor"; LD_RUNPATH_SEARCH_PATHS = "$(inherited) @executable_path/Frameworks"; SWIFT_EMIT_LOC_STRINGS = "YES"; SWIFT_OPTIMIZATION_LEVEL = "-O"; DEBUG_INFORMATION_FORMAT = "dwarf-with-dsym"; }; name = Release; };
  C57128001CE614BF8549D6BB = { isa = XCConfigurationList; buildConfigurations = (7082CC0B6FC1282FCEABD07A, 639A7CA24D39909E713B47F7); defaultConfigurationIsVisible = 0; defaultConfigurationName = Release; };
  0E8A3AD980EC179856012B7E = { isa = PBXNativeTarget; buildConfigurationList = C57128001CE614BF8549D6BB; buildPhases = (BCE16DD0260827ECF338C787, 7561BFB015D8F536760CB671, 0189424A5A60FED329FA868E); buildRules = (); dependencies = (); name = Yeobaek; productName = Yeobaek; productReference = 38A007151ABE87CC01A5B6E9; productType = "com.apple.product-type.application"; };
  98F54143AB4E86B28C3AFEE0 = { isa = PBXProject; attributes = { BuildIndependentTargetsInParallel = YES; LastSwiftUpdateCheck = 1600; LastUpgradeCheck = 1600; TargetAttributes = { 0E8A3AD980EC179856012B7E = { CreatedOnToolsVersion = 16.0; }; }; }; buildConfigurationList = 862894B703A6DEDF96A9DD6C; compatibilityVersion = "Xcode 14.0"; developmentRegion = ko; hasScannedForEncodings = 0; knownRegions = (ko, en, Base); mainGroup = B28B7AF69320201D1CF206EB; productRefGroup = FBDC4F23F93125BBEEAE800C; projectDirPath = ""; projectRoot = ""; targets = (0E8A3AD980EC179856012B7E); };
 };
 rootObject = 98F54143AB4E86B28C3AFEE0;
}
